// !$*UTF8*$!
{
	archiveVersion = 1;
	classes = {
	};
	objectVersion = 55;
	objects = {

/* Begin PBXBuildFile section */
		B40B65A82754B95200AB08D2 /* ComparisonView.swift in Sources */ = {isa = PBXBuildFile; fileRef = B40B65A72754B95200AB08D2 /* ComparisonView.swift */; };
		B41C473C274AA7850024ECB7 /* waifuExtensionApp.swift in Sources */ = {isa = PBXBuildFile; fileRef = B41C473B274AA7850024ECB7 /* waifuExtensionApp.swift */; };
		B41C473E274AA7850024ECB7 /* ContentView.swift in Sources */ = {isa = PBXBuildFile; fileRef = B41C473D274AA7850024ECB7 /* ContentView.swift */; };
		B41C4740274AA7850024ECB7 /* Assets.xcassets in Resources */ = {isa = PBXBuildFile; fileRef = B41C473F274AA7850024ECB7 /* Assets.xcassets */; };
		B41C4743274AA7850024ECB7 /* Preview Assets.xcassets in Resources */ = {isa = PBXBuildFile; fileRef = B41C4742274AA7850024ECB7 /* Preview Assets.xcassets */; };
		B41C4762274AAF6A0024ECB7 /* Fraction.swift in Sources */ = {isa = PBXBuildFile; fileRef = B41C474C274AAF6A0024ECB7 /* Fraction.swift */; };
		B41C4763274AAF6A0024ECB7 /* Int10.swift in Sources */ = {isa = PBXBuildFile; fileRef = B41C474D274AAF6A0024ECB7 /* Int10.swift */; };
		B41C4764274AAF6A0024ECB7 /* Complex.swift in Sources */ = {isa = PBXBuildFile; fileRef = B41C474E274AAF6A0024ECB7 /* Complex.swift */; };
		B41C4765274AAF6A0024ECB7 /* PreciseFloat.swift in Sources */ = {isa = PBXBuildFile; fileRef = B41C474F274AAF6A0024ECB7 /* PreciseFloat.swift */; };
		B41C4766274AAF6A0024ECB7 /* Arithmetical.swift in Sources */ = {isa = PBXBuildFile; fileRef = B41C4750274AAF6A0024ECB7 /* Arithmetical.swift */; };
		B41C4767274AAF6A0024ECB7 /* PreciseInt.swift in Sources */ = {isa = PBXBuildFile; fileRef = B41C4751274AAF6A0024ECB7 /* PreciseInt.swift */; };
		B41C4768274AAF6A0024ECB7 /* CommentCreator.swift in Sources */ = {isa = PBXBuildFile; fileRef = B41C4753274AAF6A0024ECB7 /* CommentCreator.swift */; };
		B41C4769274AAF6A0024ECB7 /* Bechmark.swift in Sources */ = {isa = PBXBuildFile; fileRef = B41C4754274AAF6A0024ECB7 /* Bechmark.swift */; };
		B41C476A274AAF6A0024ECB7 /* Point.swift in Sources */ = {isa = PBXBuildFile; fileRef = B41C4755274AAF6A0024ECB7 /* Point.swift */; };
		B41C476B274AAF6A0024ECB7 /* Canvas.swift in Sources */ = {isa = PBXBuildFile; fileRef = B41C4756274AAF6A0024ECB7 /* Canvas.swift */; };
		B41C476C274AAF6A0024ECB7 /* MachineLearning.swift in Sources */ = {isa = PBXBuildFile; fileRef = B41C4757274AAF6A0024ECB7 /* MachineLearning.swift */; };
		B41C476D274AAF6A0024ECB7 /* FinderItem.swift in Sources */ = {isa = PBXBuildFile; fileRef = B41C4758274AAF6A0024ECB7 /* FinderItem.swift */; };
		B41C476E274AAF6A0024ECB7 /* Support.swift in Sources */ = {isa = PBXBuildFile; fileRef = B41C4759274AAF6A0024ECB7 /* Support.swift */; };
		B41C4770274AAF6A0024ECB7 /* LinearTransformation.swift in Sources */ = {isa = PBXBuildFile; fileRef = B41C475C274AAF6A0024ECB7 /* LinearTransformation.swift */; };
		B41C4771274AAF6A0024ECB7 /* Expression.swift in Sources */ = {isa = PBXBuildFile; fileRef = B41C475D274AAF6A0024ECB7 /* Expression.swift */; };
		B41C4772274AAF6A0024ECB7 /* Polynomial.swift in Sources */ = {isa = PBXBuildFile; fileRef = B41C475E274AAF6A0024ECB7 /* Polynomial.swift */; };
		B41C4773274AAF6A0024ECB7 /* Matrix.swift in Sources */ = {isa = PBXBuildFile; fileRef = B41C475F274AAF6A0024ECB7 /* Matrix.swift */; };
		B41C4774274AAF6A0024ECB7 /* Plane.swift in Sources */ = {isa = PBXBuildFile; fileRef = B41C4760274AAF6A0024ECB7 /* Plane.swift */; };
		B41C4775274AAF6A0024ECB7 /* Algebra.swift in Sources */ = {isa = PBXBuildFile; fileRef = B41C4761274AAF6A0024ECB7 /* Algebra.swift */; };
		B437F15A275334CB00A1CE41 /* anime_style_art_rgb_noise3_model.mlpackage in Sources */ = {isa = PBXBuildFile; fileRef = B437F141275334CB00A1CE41 /* anime_style_art_rgb_noise3_model.mlpackage */; };
		B437F15B275334CB00A1CE41 /* upconv_7_photo_noise3_scale2.mlpackage in Sources */ = {isa = PBXBuildFile; fileRef = B437F142275334CB00A1CE41 /* upconv_7_photo_noise3_scale2.mlpackage */; };
		B437F15C275334CB00A1CE41 /* photo_noise2_model.mlpackage in Sources */ = {isa = PBXBuildFile; fileRef = B437F143275334CB00A1CE41 /* photo_noise2_model.mlpackage */; };
		B437F15D275334CB00A1CE41 /* anime_style_art_scale2.mlpackage in Sources */ = {isa = PBXBuildFile; fileRef = B437F144275334CB00A1CE41 /* anime_style_art_scale2.mlpackage */; };
		B437F15E275334CB00A1CE41 /* upconv_7_anime_style_art_rgb_noise3_scale2.mlpackage in Sources */ = {isa = PBXBuildFile; fileRef = B437F145275334CB00A1CE41 /* upconv_7_anime_style_art_rgb_noise3_scale2.mlpackage */; };
		B437F15F275334CB00A1CE41 /* anime_style_art_noise2_model.mlpackage in Sources */ = {isa = PBXBuildFile; fileRef = B437F146275334CB00A1CE41 /* anime_style_art_noise2_model.mlpackage */; };
		B437F160275334CB00A1CE41 /* ukbench_scale2.mlpackage in Sources */ = {isa = PBXBuildFile; fileRef = B437F147275334CB00A1CE41 /* ukbench_scale2.mlpackage */; };
		B437F161275334CB00A1CE41 /* upconv_7_photo_noise2_scale2.mlpackage in Sources */ = {isa = PBXBuildFile; fileRef = B437F148275334CB00A1CE41 /* upconv_7_photo_noise2_scale2.mlpackage */; };
		B437F162275334CB00A1CE41 /* photo_noise3_model.mlpackage in Sources */ = {isa = PBXBuildFile; fileRef = B437F149275334CB00A1CE41 /* photo_noise3_model.mlpackage */; };
		B437F163275334CB00A1CE41 /* anime_style_art_noise3_model.mlpackage in Sources */ = {isa = PBXBuildFile; fileRef = B437F14A275334CB00A1CE41 /* anime_style_art_noise3_model.mlpackage */; };
		B437F164275334CB00A1CE41 /* anime_style_art_rgb_noise2_model.mlpackage in Sources */ = {isa = PBXBuildFile; fileRef = B437F14B275334CB00A1CE41 /* anime_style_art_rgb_noise2_model.mlpackage */; };
		B437F165275334CB00A1CE41 /* upconv_7_anime_style_art_rgb_noise2_scale2.mlpackage in Sources */ = {isa = PBXBuildFile; fileRef = B437F14C275334CB00A1CE41 /* upconv_7_anime_style_art_rgb_noise2_scale2.mlpackage */; };
		B437F166275334CB00A1CE41 /* anime_style_art_noise1_model.mlpackage in Sources */ = {isa = PBXBuildFile; fileRef = B437F14D275334CB00A1CE41 /* anime_style_art_noise1_model.mlpackage */; };
		B437F167275334CB00A1CE41 /* photo_noise1_model.mlpackage in Sources */ = {isa = PBXBuildFile; fileRef = B437F14E275334CB00A1CE41 /* photo_noise1_model.mlpackage */; };
		B437F168275334CB00A1CE41 /* upconv_7_photo_scale2.mlpackage in Sources */ = {isa = PBXBuildFile; fileRef = B437F14F275334CB00A1CE41 /* upconv_7_photo_scale2.mlpackage */; };
		B437F169275334CB00A1CE41 /* upconv_7_photo_noise1_scale2.mlpackage in Sources */ = {isa = PBXBuildFile; fileRef = B437F150275334CB00A1CE41 /* upconv_7_photo_noise1_scale2.mlpackage */; };
		B437F16A275334CB00A1CE41 /* anime_style_art_rgb_scale2.mlpackage in Sources */ = {isa = PBXBuildFile; fileRef = B437F151275334CB00A1CE41 /* anime_style_art_rgb_scale2.mlpackage */; };
		B437F16B275334CB00A1CE41 /* anime_style_art_rgb_noise0_model.mlpackage in Sources */ = {isa = PBXBuildFile; fileRef = B437F152275334CB00A1CE41 /* anime_style_art_rgb_noise0_model.mlpackage */; };
		B437F16C275334CB00A1CE41 /* upconv_7_anime_style_art_rgb_noise1_scale2.mlpackage in Sources */ = {isa = PBXBuildFile; fileRef = B437F153275334CB00A1CE41 /* upconv_7_anime_style_art_rgb_noise1_scale2.mlpackage */; };
		B437F16D275334CB00A1CE41 /* upconv_7_anime_style_art_rgb_scale2.mlpackage in Sources */ = {isa = PBXBuildFile; fileRef = B437F154275334CB00A1CE41 /* upconv_7_anime_style_art_rgb_scale2.mlpackage */; };
		B437F16E275334CB00A1CE41 /* photo_scale2.mlpackage in Sources */ = {isa = PBXBuildFile; fileRef = B437F155275334CB00A1CE41 /* photo_scale2.mlpackage */; };
		B437F16F275334CB00A1CE41 /* anime_style_art_rgb_noise1_model.mlpackage in Sources */ = {isa = PBXBuildFile; fileRef = B437F156275334CB00A1CE41 /* anime_style_art_rgb_noise1_model.mlpackage */; };
		B437F170275334CB00A1CE41 /* upconv_7_photo_noise0_scale2.mlpackage in Sources */ = {isa = PBXBuildFile; fileRef = B437F157275334CB00A1CE41 /* upconv_7_photo_noise0_scale2.mlpackage */; };
		B437F171275334CB00A1CE41 /* photo_noise0_model.mlpackage in Sources */ = {isa = PBXBuildFile; fileRef = B437F158275334CB00A1CE41 /* photo_noise0_model.mlpackage */; };
		B437F172275334CB00A1CE41 /* upconv_7_anime_style_art_rgb_noise0_scale2.mlpackage in Sources */ = {isa = PBXBuildFile; fileRef = B437F159275334CB00A1CE41 /* upconv_7_anime_style_art_rgb_noise0_scale2.mlpackage */; };
		B437F174275334DB00A1CE41 /* Waifu2xModel.swift in Sources */ = {isa = PBXBuildFile; fileRef = B437F173275334DB00A1CE41 /* Waifu2xModel.swift */; };
		B47664D62753056300FD78EA /* Calculation.metal in Sources */ = {isa = PBXBuildFile; fileRef = B47664D52753056300FD78EA /* Calculation.metal */; };
		B49BFD94274B4BC50046FDDF /* BackgroundPipeline.swift in Sources */ = {isa = PBXBuildFile; fileRef = B49BFD70274B4BC50046FDDF /* BackgroundPipeline.swift */; };
		B49BFD96274B4BC50046FDDF /* MLModel+Prediction.swift in Sources */ = {isa = PBXBuildFile; fileRef = B49BFD72274B4BC50046FDDF /* MLModel+Prediction.swift */; };
		B49BFD97274B4BC50046FDDF /* NSImage+PNG.swift in Sources */ = {isa = PBXBuildFile; fileRef = B49BFD74274B4BC50046FDDF /* NSImage+PNG.swift */; };
		B49BFDAA274B4BC50046FDDF /* CGImage+Crop.swift in Sources */ = {isa = PBXBuildFile; fileRef = B49BFD88274B4BC50046FDDF /* CGImage+Crop.swift */; };
		B49BFDAB274B4BC50046FDDF /* Bicubic.swift in Sources */ = {isa = PBXBuildFile; fileRef = B49BFD89274B4BC50046FDDF /* Bicubic.swift */; };
		B49BFDAC274B4BC50046FDDF /* Waifu2x.swift in Sources */ = {isa = PBXBuildFile; fileRef = B49BFD8A274B4BC50046FDDF /* Waifu2x.swift */; };
		B49BFDAD274B4BC50046FDDF /* BackgroundTask.swift in Sources */ = {isa = PBXBuildFile; fileRef = B49BFD8B274B4BC50046FDDF /* BackgroundTask.swift */; };
		B49BFDAE274B4BC50046FDDF /* NSImage+Crop.swift in Sources */ = {isa = PBXBuildFile; fileRef = B49BFD8C274B4BC50046FDDF /* NSImage+Crop.swift */; };
		B49BFDAF274B4BC50046FDDF /* Queue.swift in Sources */ = {isa = PBXBuildFile; fileRef = B49BFD8D274B4BC50046FDDF /* Queue.swift */; };
		B49BFDB0274B4BC50046FDDF /* NSImage+Alpha.swift in Sources */ = {isa = PBXBuildFile; fileRef = B49BFD8E274B4BC50046FDDF /* NSImage+Alpha.swift */; };
		B49BFDB1274B4BC50046FDDF /* CGImage+Expand.swift in Sources */ = {isa = PBXBuildFile; fileRef = B49BFD8F274B4BC50046FDDF /* CGImage+Expand.swift */; };
		B49BFDB2274B4BC50046FDDF /* bicubic.metal in Sources */ = {isa = PBXBuildFile; fileRef = B49BFD90274B4BC50046FDDF /* bicubic.metal */; };
		B49BFDB3274B4BC50046FDDF /* Info.plist in Resources */ = {isa = PBXBuildFile; fileRef = B49BFD91274B4BC50046FDDF /* Info.plist */; };
		B49BFDB4274B4BC50046FDDF /* NSImage+Bicubic.swift in Sources */ = {isa = PBXBuildFile; fileRef = B49BFD92274B4BC50046FDDF /* NSImage+Bicubic.swift */; };
		B49BFDB5274B4BC50046FDDF /* MetalBicubic.swift in Sources */ = {isa = PBXBuildFile; fileRef = B49BFD93274B4BC50046FDDF /* MetalBicubic.swift */; };
		B4B9EFF0274BC50400A8D380 /* UIImage+Reload.swift in Sources */ = {isa = PBXBuildFile; fileRef = B4B9EFEF274BC50400A8D380 /* UIImage+Reload.swift */; };
/* End PBXBuildFile section */

/* Begin PBXFileReference section */
		B40B65A72754B95200AB08D2 /* ComparisonView.swift */ = {isa = PBXFileReference; lastKnownFileType = sourcecode.swift; path = ComparisonView.swift; sourceTree = "<group>"; };
		B41C4738274AA7850024ECB7 /* waifuExtension.app */ = {isa = PBXFileReference; explicitFileType = wrapper.application; includeInIndex = 0; path = waifuExtension.app; sourceTree = BUILT_PRODUCTS_DIR; };
		B41C473B274AA7850024ECB7 /* waifuExtensionApp.swift */ = {isa = PBXFileReference; lastKnownFileType = sourcecode.swift; path = waifuExtensionApp.swift; sourceTree = "<group>"; };
		B41C473D274AA7850024ECB7 /* ContentView.swift */ = {isa = PBXFileReference; lastKnownFileType = sourcecode.swift; path = ContentView.swift; sourceTree = "<group>"; };
		B41C473F274AA7850024ECB7 /* Assets.xcassets */ = {isa = PBXFileReference; lastKnownFileType = folder.assetcatalog; path = Assets.xcassets; sourceTree = "<group>"; };
		B41C4742274AA7850024ECB7 /* Preview Assets.xcassets */ = {isa = PBXFileReference; lastKnownFileType = folder.assetcatalog; path = "Preview Assets.xcassets"; sourceTree = "<group>"; };
		B41C4744274AA7850024ECB7 /* waifuExtension.entitlements */ = {isa = PBXFileReference; lastKnownFileType = text.plist.entitlements; path = waifuExtension.entitlements; sourceTree = "<group>"; };
		B41C474C274AAF6A0024ECB7 /* Fraction.swift */ = {isa = PBXFileReference; fileEncoding = 4; lastKnownFileType = sourcecode.swift; path = Fraction.swift; sourceTree = "<group>"; };
		B41C474D274AAF6A0024ECB7 /* Int10.swift */ = {isa = PBXFileReference; fileEncoding = 4; lastKnownFileType = sourcecode.swift; path = Int10.swift; sourceTree = "<group>"; };
		B41C474E274AAF6A0024ECB7 /* Complex.swift */ = {isa = PBXFileReference; fileEncoding = 4; lastKnownFileType = sourcecode.swift; path = Complex.swift; sourceTree = "<group>"; };
		B41C474F274AAF6A0024ECB7 /* PreciseFloat.swift */ = {isa = PBXFileReference; fileEncoding = 4; lastKnownFileType = sourcecode.swift; path = PreciseFloat.swift; sourceTree = "<group>"; };
		B41C4750274AAF6A0024ECB7 /* Arithmetical.swift */ = {isa = PBXFileReference; fileEncoding = 4; lastKnownFileType = sourcecode.swift; path = Arithmetical.swift; sourceTree = "<group>"; };
		B41C4751274AAF6A0024ECB7 /* PreciseInt.swift */ = {isa = PBXFileReference; fileEncoding = 4; lastKnownFileType = sourcecode.swift; path = PreciseInt.swift; sourceTree = "<group>"; };
		B41C4753274AAF6A0024ECB7 /* CommentCreator.swift */ = {isa = PBXFileReference; fileEncoding = 4; lastKnownFileType = sourcecode.swift; path = CommentCreator.swift; sourceTree = "<group>"; };
		B41C4754274AAF6A0024ECB7 /* Bechmark.swift */ = {isa = PBXFileReference; fileEncoding = 4; lastKnownFileType = sourcecode.swift; path = Bechmark.swift; sourceTree = "<group>"; };
		B41C4755274AAF6A0024ECB7 /* Point.swift */ = {isa = PBXFileReference; fileEncoding = 4; lastKnownFileType = sourcecode.swift; path = Point.swift; sourceTree = "<group>"; };
		B41C4756274AAF6A0024ECB7 /* Canvas.swift */ = {isa = PBXFileReference; fileEncoding = 4; lastKnownFileType = sourcecode.swift; path = Canvas.swift; sourceTree = "<group>"; };
		B41C4757274AAF6A0024ECB7 /* MachineLearning.swift */ = {isa = PBXFileReference; fileEncoding = 4; lastKnownFileType = sourcecode.swift; path = MachineLearning.swift; sourceTree = "<group>"; };
		B41C4758274AAF6A0024ECB7 /* FinderItem.swift */ = {isa = PBXFileReference; fileEncoding = 4; lastKnownFileType = sourcecode.swift; path = FinderItem.swift; sourceTree = "<group>"; };
		B41C4759274AAF6A0024ECB7 /* Support.swift */ = {isa = PBXFileReference; fileEncoding = 4; lastKnownFileType = sourcecode.swift; path = Support.swift; sourceTree = "<group>"; };
		B41C475C274AAF6A0024ECB7 /* LinearTransformation.swift */ = {isa = PBXFileReference; fileEncoding = 4; lastKnownFileType = sourcecode.swift; path = LinearTransformation.swift; sourceTree = "<group>"; };
		B41C475D274AAF6A0024ECB7 /* Expression.swift */ = {isa = PBXFileReference; fileEncoding = 4; lastKnownFileType = sourcecode.swift; path = Expression.swift; sourceTree = "<group>"; };
		B41C475E274AAF6A0024ECB7 /* Polynomial.swift */ = {isa = PBXFileReference; fileEncoding = 4; lastKnownFileType = sourcecode.swift; path = Polynomial.swift; sourceTree = "<group>"; };
		B41C475F274AAF6A0024ECB7 /* Matrix.swift */ = {isa = PBXFileReference; fileEncoding = 4; lastKnownFileType = sourcecode.swift; path = Matrix.swift; sourceTree = "<group>"; };
		B41C4760274AAF6A0024ECB7 /* Plane.swift */ = {isa = PBXFileReference; fileEncoding = 4; lastKnownFileType = sourcecode.swift; path = Plane.swift; sourceTree = "<group>"; };
		B41C4761274AAF6A0024ECB7 /* Algebra.swift */ = {isa = PBXFileReference; fileEncoding = 4; lastKnownFileType = sourcecode.swift; path = Algebra.swift; sourceTree = "<group>"; };
		B437F141275334CB00A1CE41 /* anime_style_art_rgb_noise3_model.mlpackage */ = {isa = PBXFileReference; lastKnownFileType = folder.mlpackage; path = anime_style_art_rgb_noise3_model.mlpackage; sourceTree = "<group>"; };
		B437F142275334CB00A1CE41 /* upconv_7_photo_noise3_scale2.mlpackage */ = {isa = PBXFileReference; lastKnownFileType = folder.mlpackage; path = upconv_7_photo_noise3_scale2.mlpackage; sourceTree = "<group>"; };
		B437F143275334CB00A1CE41 /* photo_noise2_model.mlpackage */ = {isa = PBXFileReference; lastKnownFileType = folder.mlpackage; path = photo_noise2_model.mlpackage; sourceTree = "<group>"; };
		B437F144275334CB00A1CE41 /* anime_style_art_scale2.mlpackage */ = {isa = PBXFileReference; lastKnownFileType = folder.mlpackage; path = anime_style_art_scale2.mlpackage; sourceTree = "<group>"; };
		B437F145275334CB00A1CE41 /* upconv_7_anime_style_art_rgb_noise3_scale2.mlpackage */ = {isa = PBXFileReference; lastKnownFileType = folder.mlpackage; path = upconv_7_anime_style_art_rgb_noise3_scale2.mlpackage; sourceTree = "<group>"; };
		B437F146275334CB00A1CE41 /* anime_style_art_noise2_model.mlpackage */ = {isa = PBXFileReference; lastKnownFileType = folder.mlpackage; path = anime_style_art_noise2_model.mlpackage; sourceTree = "<group>"; };
		B437F147275334CB00A1CE41 /* ukbench_scale2.mlpackage */ = {isa = PBXFileReference; lastKnownFileType = folder.mlpackage; path = ukbench_scale2.mlpackage; sourceTree = "<group>"; };
		B437F148275334CB00A1CE41 /* upconv_7_photo_noise2_scale2.mlpackage */ = {isa = PBXFileReference; lastKnownFileType = folder.mlpackage; path = upconv_7_photo_noise2_scale2.mlpackage; sourceTree = "<group>"; };
		B437F149275334CB00A1CE41 /* photo_noise3_model.mlpackage */ = {isa = PBXFileReference; lastKnownFileType = folder.mlpackage; path = photo_noise3_model.mlpackage; sourceTree = "<group>"; };
		B437F14A275334CB00A1CE41 /* anime_style_art_noise3_model.mlpackage */ = {isa = PBXFileReference; lastKnownFileType = folder.mlpackage; path = anime_style_art_noise3_model.mlpackage; sourceTree = "<group>"; };
		B437F14B275334CB00A1CE41 /* anime_style_art_rgb_noise2_model.mlpackage */ = {isa = PBXFileReference; lastKnownFileType = folder.mlpackage; path = anime_style_art_rgb_noise2_model.mlpackage; sourceTree = "<group>"; };
		B437F14C275334CB00A1CE41 /* upconv_7_anime_style_art_rgb_noise2_scale2.mlpackage */ = {isa = PBXFileReference; lastKnownFileType = folder.mlpackage; path = upconv_7_anime_style_art_rgb_noise2_scale2.mlpackage; sourceTree = "<group>"; };
		B437F14D275334CB00A1CE41 /* anime_style_art_noise1_model.mlpackage */ = {isa = PBXFileReference; lastKnownFileType = folder.mlpackage; path = anime_style_art_noise1_model.mlpackage; sourceTree = "<group>"; };
		B437F14E275334CB00A1CE41 /* photo_noise1_model.mlpackage */ = {isa = PBXFileReference; lastKnownFileType = folder.mlpackage; path = photo_noise1_model.mlpackage; sourceTree = "<group>"; };
		B437F14F275334CB00A1CE41 /* upconv_7_photo_scale2.mlpackage */ = {isa = PBXFileReference; lastKnownFileType = folder.mlpackage; path = upconv_7_photo_scale2.mlpackage; sourceTree = "<group>"; };
		B437F150275334CB00A1CE41 /* upconv_7_photo_noise1_scale2.mlpackage */ = {isa = PBXFileReference; lastKnownFileType = folder.mlpackage; path = upconv_7_photo_noise1_scale2.mlpackage; sourceTree = "<group>"; };
		B437F151275334CB00A1CE41 /* anime_style_art_rgb_scale2.mlpackage */ = {isa = PBXFileReference; lastKnownFileType = folder.mlpackage; path = anime_style_art_rgb_scale2.mlpackage; sourceTree = "<group>"; };
		B437F152275334CB00A1CE41 /* anime_style_art_rgb_noise0_model.mlpackage */ = {isa = PBXFileReference; lastKnownFileType = folder.mlpackage; path = anime_style_art_rgb_noise0_model.mlpackage; sourceTree = "<group>"; };
		B437F153275334CB00A1CE41 /* upconv_7_anime_style_art_rgb_noise1_scale2.mlpackage */ = {isa = PBXFileReference; lastKnownFileType = folder.mlpackage; path = upconv_7_anime_style_art_rgb_noise1_scale2.mlpackage; sourceTree = "<group>"; };
		B437F154275334CB00A1CE41 /* upconv_7_anime_style_art_rgb_scale2.mlpackage */ = {isa = PBXFileReference; lastKnownFileType = folder.mlpackage; path = upconv_7_anime_style_art_rgb_scale2.mlpackage; sourceTree = "<group>"; };
		B437F155275334CB00A1CE41 /* photo_scale2.mlpackage */ = {isa = PBXFileReference; lastKnownFileType = folder.mlpackage; path = photo_scale2.mlpackage; sourceTree = "<group>"; };
		B437F156275334CB00A1CE41 /* anime_style_art_rgb_noise1_model.mlpackage */ = {isa = PBXFileReference; lastKnownFileType = folder.mlpackage; path = anime_style_art_rgb_noise1_model.mlpackage; sourceTree = "<group>"; };
		B437F157275334CB00A1CE41 /* upconv_7_photo_noise0_scale2.mlpackage */ = {isa = PBXFileReference; lastKnownFileType = folder.mlpackage; path = upconv_7_photo_noise0_scale2.mlpackage; sourceTree = "<group>"; };
		B437F158275334CB00A1CE41 /* photo_noise0_model.mlpackage */ = {isa = PBXFileReference; lastKnownFileType = folder.mlpackage; path = photo_noise0_model.mlpackage; sourceTree = "<group>"; };
		B437F159275334CB00A1CE41 /* upconv_7_anime_style_art_rgb_noise0_scale2.mlpackage */ = {isa = PBXFileReference; lastKnownFileType = folder.mlpackage; path = upconv_7_anime_style_art_rgb_noise0_scale2.mlpackage; sourceTree = "<group>"; };
		B437F173275334DB00A1CE41 /* Waifu2xModel.swift */ = {isa = PBXFileReference; lastKnownFileType = sourcecode.swift; path = Waifu2xModel.swift; sourceTree = "<group>"; };
		B47664D52753056300FD78EA /* Calculation.metal */ = {isa = PBXFileReference; lastKnownFileType = sourcecode.metal; path = Calculation.metal; sourceTree = "<group>"; };
		B49BFD70274B4BC50046FDDF /* BackgroundPipeline.swift */ = {isa = PBXFileReference; fileEncoding = 4; lastKnownFileType = sourcecode.swift; path = BackgroundPipeline.swift; sourceTree = "<group>"; };
		B49BFD72274B4BC50046FDDF /* MLModel+Prediction.swift */ = {isa = PBXFileReference; fileEncoding = 4; lastKnownFileType = sourcecode.swift; path = "MLModel+Prediction.swift"; sourceTree = "<group>"; };
		B49BFD73274B4BC50046FDDF /* waifu2x_mac.h */ = {isa = PBXFileReference; fileEncoding = 4; lastKnownFileType = sourcecode.c.h; path = waifu2x_mac.h; sourceTree = "<group>"; };
		B49BFD74274B4BC50046FDDF /* NSImage+PNG.swift */ = {isa = PBXFileReference; fileEncoding = 4; lastKnownFileType = sourcecode.swift; path = "NSImage+PNG.swift"; sourceTree = "<group>"; };
		B49BFD88274B4BC50046FDDF /* CGImage+Crop.swift */ = {isa = PBXFileReference; fileEncoding = 4; lastKnownFileType = sourcecode.swift; path = "CGImage+Crop.swift"; sourceTree = "<group>"; };
		B49BFD89274B4BC50046FDDF /* Bicubic.swift */ = {isa = PBXFileReference; fileEncoding = 4; lastKnownFileType = sourcecode.swift; path = Bicubic.swift; sourceTree = "<group>"; };
		B49BFD8A274B4BC50046FDDF /* Waifu2x.swift */ = {isa = PBXFileReference; fileEncoding = 4; lastKnownFileType = sourcecode.swift; path = Waifu2x.swift; sourceTree = "<group>"; };
		B49BFD8B274B4BC50046FDDF /* BackgroundTask.swift */ = {isa = PBXFileReference; fileEncoding = 4; lastKnownFileType = sourcecode.swift; path = BackgroundTask.swift; sourceTree = "<group>"; };
		B49BFD8C274B4BC50046FDDF /* NSImage+Crop.swift */ = {isa = PBXFileReference; fileEncoding = 4; lastKnownFileType = sourcecode.swift; path = "NSImage+Crop.swift"; sourceTree = "<group>"; };
		B49BFD8D274B4BC50046FDDF /* Queue.swift */ = {isa = PBXFileReference; fileEncoding = 4; lastKnownFileType = sourcecode.swift; path = Queue.swift; sourceTree = "<group>"; };
		B49BFD8E274B4BC50046FDDF /* NSImage+Alpha.swift */ = {isa = PBXFileReference; fileEncoding = 4; lastKnownFileType = sourcecode.swift; path = "NSImage+Alpha.swift"; sourceTree = "<group>"; };
		B49BFD8F274B4BC50046FDDF /* CGImage+Expand.swift */ = {isa = PBXFileReference; fileEncoding = 4; lastKnownFileType = sourcecode.swift; path = "CGImage+Expand.swift"; sourceTree = "<group>"; };
		B49BFD90274B4BC50046FDDF /* bicubic.metal */ = {isa = PBXFileReference; fileEncoding = 4; lastKnownFileType = sourcecode.metal; path = bicubic.metal; sourceTree = "<group>"; };
		B49BFD91274B4BC50046FDDF /* Info.plist */ = {isa = PBXFileReference; fileEncoding = 4; lastKnownFileType = text.plist.xml; path = Info.plist; sourceTree = "<group>"; };
		B49BFD92274B4BC50046FDDF /* NSImage+Bicubic.swift */ = {isa = PBXFileReference; fileEncoding = 4; lastKnownFileType = sourcecode.swift; path = "NSImage+Bicubic.swift"; sourceTree = "<group>"; };
		B49BFD93274B4BC50046FDDF /* MetalBicubic.swift */ = {isa = PBXFileReference; fileEncoding = 4; lastKnownFileType = sourcecode.swift; path = MetalBicubic.swift; sourceTree = "<group>"; };
		B4B9EFEF274BC50400A8D380 /* UIImage+Reload.swift */ = {isa = PBXFileReference; fileEncoding = 4; lastKnownFileType = sourcecode.swift; path = "UIImage+Reload.swift"; sourceTree = "<group>"; };
/* End PBXFileReference section */

/* Begin PBXFrameworksBuildPhase section */
		B41C4735274AA7850024ECB7 /* Frameworks */ = {
			isa = PBXFrameworksBuildPhase;
			buildActionMask = 2147483647;
			files = (
			);
			runOnlyForDeploymentPostprocessing = 0;
		};
/* End PBXFrameworksBuildPhase section */

/* Begin PBXGroup section */
		B41C472F274AA7850024ECB7 = {
			isa = PBXGroup;
			children = (
				B41C473A274AA7850024ECB7 /* waifuExtension */,
				B41C4739274AA7850024ECB7 /* Products */,
			);
			sourceTree = "<group>";
		};
		B41C4739274AA7850024ECB7 /* Products */ = {
			isa = PBXGroup;
			children = (
				B41C4738274AA7850024ECB7 /* waifuExtension.app */,
			);
			name = Products;
			sourceTree = "<group>";
		};
		B41C473A274AA7850024ECB7 /* waifuExtension */ = {
			isa = PBXGroup;
			children = (
				B41C473B274AA7850024ECB7 /* waifuExtensionApp.swift */,
				B41C473D274AA7850024ECB7 /* ContentView.swift */,
				B40B65A72754B95200AB08D2 /* ComparisonView.swift */,
				B437F140275334CB00A1CE41 /* Models */,
				B41C474A274AAF6A0024ECB7 /* Support */,
				B49BFD6F274B4BC50046FDDF /* waifu2x-mac */,
				B41C473F274AA7850024ECB7 /* Assets.xcassets */,
				B41C4744274AA7850024ECB7 /* waifuExtension.entitlements */,
				B41C4741274AA7850024ECB7 /* Preview Content */,
			);
			path = waifuExtension;
			sourceTree = "<group>";
		};
		B41C4741274AA7850024ECB7 /* Preview Content */ = {
			isa = PBXGroup;
			children = (
				B41C4742274AA7850024ECB7 /* Preview Assets.xcassets */,
			);
			path = "Preview Content";
			sourceTree = "<group>";
		};
		B41C474A274AAF6A0024ECB7 /* Support */ = {
			isa = PBXGroup;
			children = (
				B41C474B274AAF6A0024ECB7 /* Numerics */,
				B41C4752274AAF6A0024ECB7 /* Support */,
				B41C4759274AAF6A0024ECB7 /* Support.swift */,
				B41C475B274AAF6A0024ECB7 /* Algebra */,
			);
			path = Support;
			sourceTree = "<group>";
		};
		B41C474B274AAF6A0024ECB7 /* Numerics */ = {
			isa = PBXGroup;
			children = (
				B41C474C274AAF6A0024ECB7 /* Fraction.swift */,
				B41C474D274AAF6A0024ECB7 /* Int10.swift */,
				B41C474E274AAF6A0024ECB7 /* Complex.swift */,
				B41C474F274AAF6A0024ECB7 /* PreciseFloat.swift */,
				B41C4750274AAF6A0024ECB7 /* Arithmetical.swift */,
				B41C4751274AAF6A0024ECB7 /* PreciseInt.swift */,
			);
			path = Numerics;
			sourceTree = "<group>";
		};
		B41C4752274AAF6A0024ECB7 /* Support */ = {
			isa = PBXGroup;
			children = (
				B41C4753274AAF6A0024ECB7 /* CommentCreator.swift */,
				B41C4754274AAF6A0024ECB7 /* Bechmark.swift */,
				B41C4755274AAF6A0024ECB7 /* Point.swift */,
				B41C4756274AAF6A0024ECB7 /* Canvas.swift */,
				B41C4757274AAF6A0024ECB7 /* MachineLearning.swift */,
				B41C4758274AAF6A0024ECB7 /* FinderItem.swift */,
			);
			path = Support;
			sourceTree = "<group>";
		};
		B41C475B274AAF6A0024ECB7 /* Algebra */ = {
			isa = PBXGroup;
			children = (
				B41C475C274AAF6A0024ECB7 /* LinearTransformation.swift */,
				B41C475D274AAF6A0024ECB7 /* Expression.swift */,
				B41C475E274AAF6A0024ECB7 /* Polynomial.swift */,
				B41C475F274AAF6A0024ECB7 /* Matrix.swift */,
				B41C4760274AAF6A0024ECB7 /* Plane.swift */,
				B41C4761274AAF6A0024ECB7 /* Algebra.swift */,
			);
			path = Algebra;
			sourceTree = "<group>";
		};
		B437F140275334CB00A1CE41 /* Models */ = {
			isa = PBXGroup;
			children = (
				B437F173275334DB00A1CE41 /* Waifu2xModel.swift */,
				B437F1762753355400A1CE41 /* anime_style_art */,
				B437F1772753356300A1CE41 /* anime_style_art_rgb */,
				B437F1782753357400A1CE41 /* upconv_7_anime_style_art_rgb */,
				B437F17A275335EE00A1CE41 /* photo */,
				B437F179275335C900A1CE41 /* upconv_7_photo */,
				B437F17B2753360500A1CE41 /* ukbench */,
			);
			path = Models;
			sourceTree = "<group>";
		};
		B437F1762753355400A1CE41 /* anime_style_art */ = {
			isa = PBXGroup;
			children = (
				B437F144275334CB00A1CE41 /* anime_style_art_scale2.mlpackage */,
				B437F14D275334CB00A1CE41 /* anime_style_art_noise1_model.mlpackage */,
				B437F146275334CB00A1CE41 /* anime_style_art_noise2_model.mlpackage */,
				B437F14A275334CB00A1CE41 /* anime_style_art_noise3_model.mlpackage */,
			);
			path = anime_style_art;
			sourceTree = "<group>";
		};
		B437F1772753356300A1CE41 /* anime_style_art_rgb */ = {
			isa = PBXGroup;
			children = (
				B437F151275334CB00A1CE41 /* anime_style_art_rgb_scale2.mlpackage */,
				B437F152275334CB00A1CE41 /* anime_style_art_rgb_noise0_model.mlpackage */,
				B437F156275334CB00A1CE41 /* anime_style_art_rgb_noise1_model.mlpackage */,
				B437F14B275334CB00A1CE41 /* anime_style_art_rgb_noise2_model.mlpackage */,
				B437F141275334CB00A1CE41 /* anime_style_art_rgb_noise3_model.mlpackage */,
			);
			path = anime_style_art_rgb;
			sourceTree = "<group>";
		};
		B437F1782753357400A1CE41 /* upconv_7_anime_style_art_rgb */ = {
			isa = PBXGroup;
			children = (
				B437F154275334CB00A1CE41 /* upconv_7_anime_style_art_rgb_scale2.mlpackage */,
				B437F159275334CB00A1CE41 /* upconv_7_anime_style_art_rgb_noise0_scale2.mlpackage */,
				B437F153275334CB00A1CE41 /* upconv_7_anime_style_art_rgb_noise1_scale2.mlpackage */,
				B437F14C275334CB00A1CE41 /* upconv_7_anime_style_art_rgb_noise2_scale2.mlpackage */,
				B437F145275334CB00A1CE41 /* upconv_7_anime_style_art_rgb_noise3_scale2.mlpackage */,
			);
			path = upconv_7_anime_style_art_rgb;
			sourceTree = "<group>";
		};
		B437F179275335C900A1CE41 /* upconv_7_photo */ = {
			isa = PBXGroup;
			children = (
				B437F14F275334CB00A1CE41 /* upconv_7_photo_scale2.mlpackage */,
				B437F157275334CB00A1CE41 /* upconv_7_photo_noise0_scale2.mlpackage */,
				B437F150275334CB00A1CE41 /* upconv_7_photo_noise1_scale2.mlpackage */,
				B437F148275334CB00A1CE41 /* upconv_7_photo_noise2_scale2.mlpackage */,
				B437F142275334CB00A1CE41 /* upconv_7_photo_noise3_scale2.mlpackage */,
			);
			path = upconv_7_photo;
			sourceTree = "<group>";
		};
		B437F17A275335EE00A1CE41 /* photo */ = {
			isa = PBXGroup;
			children = (
				B437F155275334CB00A1CE41 /* photo_scale2.mlpackage */,
				B437F158275334CB00A1CE41 /* photo_noise0_model.mlpackage */,
				B437F14E275334CB00A1CE41 /* photo_noise1_model.mlpackage */,
				B437F143275334CB00A1CE41 /* photo_noise2_model.mlpackage */,
				B437F149275334CB00A1CE41 /* photo_noise3_model.mlpackage */,
			);
			path = photo;
			sourceTree = "<group>";
		};
		B437F17B2753360500A1CE41 /* ukbench */ = {
			isa = PBXGroup;
			children = (
				B437F147275334CB00A1CE41 /* ukbench_scale2.mlpackage */,
			);
			path = ukbench;
			sourceTree = "<group>";
		};
		B49BFD6F274B4BC50046FDDF /* waifu2x-mac */ = {
			isa = PBXGroup;
			children = (
				B49BFD70274B4BC50046FDDF /* BackgroundPipeline.swift */,
				B49BFD72274B4BC50046FDDF /* MLModel+Prediction.swift */,
				B49BFD73274B4BC50046FDDF /* waifu2x_mac.h */,
				B49BFD74274B4BC50046FDDF /* NSImage+PNG.swift */,
				B49BFD88274B4BC50046FDDF /* CGImage+Crop.swift */,
				B49BFD89274B4BC50046FDDF /* Bicubic.swift */,
				B49BFD8A274B4BC50046FDDF /* Waifu2x.swift */,
				B49BFD8B274B4BC50046FDDF /* BackgroundTask.swift */,
				B49BFD8C274B4BC50046FDDF /* NSImage+Crop.swift */,
				B49BFD8D274B4BC50046FDDF /* Queue.swift */,
				B49BFD8E274B4BC50046FDDF /* NSImage+Alpha.swift */,
				B49BFD8F274B4BC50046FDDF /* CGImage+Expand.swift */,
				B47664D52753056300FD78EA /* Calculation.metal */,
				B49BFD90274B4BC50046FDDF /* bicubic.metal */,
				B49BFD91274B4BC50046FDDF /* Info.plist */,
				B49BFD92274B4BC50046FDDF /* NSImage+Bicubic.swift */,
				B49BFD93274B4BC50046FDDF /* MetalBicubic.swift */,
				B4B9EFEF274BC50400A8D380 /* UIImage+Reload.swift */,
			);
			path = "waifu2x-mac";
			sourceTree = "<group>";
		};
/* End PBXGroup section */

/* Begin PBXNativeTarget section */
		B41C4737274AA7850024ECB7 /* waifuExtension */ = {
			isa = PBXNativeTarget;
			buildConfigurationList = B41C4747274AA7850024ECB7 /* Build configuration list for PBXNativeTarget "waifuExtension" */;
			buildPhases = (
				B41C4734274AA7850024ECB7 /* Sources */,
				B41C4735274AA7850024ECB7 /* Frameworks */,
				B41C4736274AA7850024ECB7 /* Resources */,
			);
			buildRules = (
			);
			dependencies = (
			);
			name = waifuExtension;
			productName = waifuExtension;
			productReference = B41C4738274AA7850024ECB7 /* waifuExtension.app */;
			productType = "com.apple.product-type.application";
		};
/* End PBXNativeTarget section */

/* Begin PBXProject section */
		B41C4730274AA7850024ECB7 /* Project object */ = {
			isa = PBXProject;
			attributes = {
				BuildIndependentTargetsInParallel = 1;
				LastSwiftUpdateCheck = 1310;
				LastUpgradeCheck = 1310;
				TargetAttributes = {
					B41C4737274AA7850024ECB7 = {
						CreatedOnToolsVersion = 13.1;
					};
				};
			};
			buildConfigurationList = B41C4733274AA7850024ECB7 /* Build configuration list for PBXProject "waifuExtension" */;
			compatibilityVersion = "Xcode 13.0";
			developmentRegion = en;
			hasScannedForEncodings = 0;
			knownRegions = (
				en,
				Base,
			);
			mainGroup = B41C472F274AA7850024ECB7;
			productRefGroup = B41C4739274AA7850024ECB7 /* Products */;
			projectDirPath = "";
			projectRoot = "";
			targets = (
				B41C4737274AA7850024ECB7 /* waifuExtension */,
			);
		};
/* End PBXProject section */

/* Begin PBXResourcesBuildPhase section */
		B41C4736274AA7850024ECB7 /* Resources */ = {
			isa = PBXResourcesBuildPhase;
			buildActionMask = 2147483647;
			files = (
				B41C4743274AA7850024ECB7 /* Preview Assets.xcassets in Resources */,
				B41C4740274AA7850024ECB7 /* Assets.xcassets in Resources */,
				B49BFDB3274B4BC50046FDDF /* Info.plist in Resources */,
			);
			runOnlyForDeploymentPostprocessing = 0;
		};
/* End PBXResourcesBuildPhase section */

/* Begin PBXSourcesBuildPhase section */
		B41C4734274AA7850024ECB7 /* Sources */ = {
			isa = PBXSourcesBuildPhase;
			buildActionMask = 2147483647;
			files = (
				B437F174275334DB00A1CE41 /* Waifu2xModel.swift in Sources */,
				B49BFDAE274B4BC50046FDDF /* NSImage+Crop.swift in Sources */,
				B437F165275334CB00A1CE41 /* upconv_7_anime_style_art_rgb_noise2_scale2.mlpackage in Sources */,
				B40B65A82754B95200AB08D2 /* ComparisonView.swift in Sources */,
				B437F168275334CB00A1CE41 /* upconv_7_photo_scale2.mlpackage in Sources */,
				B437F15E275334CB00A1CE41 /* upconv_7_anime_style_art_rgb_noise3_scale2.mlpackage in Sources */,
				B41C4772274AAF6A0024ECB7 /* Polynomial.swift in Sources */,
				B437F15C275334CB00A1CE41 /* photo_noise2_model.mlpackage in Sources */,
				B41C4765274AAF6A0024ECB7 /* PreciseFloat.swift in Sources */,
				B437F15A275334CB00A1CE41 /* anime_style_art_rgb_noise3_model.mlpackage in Sources */,
				B41C4767274AAF6A0024ECB7 /* PreciseInt.swift in Sources */,
				B41C4762274AAF6A0024ECB7 /* Fraction.swift in Sources */,
				B49BFD97274B4BC50046FDDF /* NSImage+PNG.swift in Sources */,
				B437F169275334CB00A1CE41 /* upconv_7_photo_noise1_scale2.mlpackage in Sources */,
				B437F162275334CB00A1CE41 /* photo_noise3_model.mlpackage in Sources */,
				B4B9EFF0274BC50400A8D380 /* UIImage+Reload.swift in Sources */,
				B437F171275334CB00A1CE41 /* photo_noise0_model.mlpackage in Sources */,
				B437F16E275334CB00A1CE41 /* photo_scale2.mlpackage in Sources */,
				B41C4768274AAF6A0024ECB7 /* CommentCreator.swift in Sources */,
				B41C476C274AAF6A0024ECB7 /* MachineLearning.swift in Sources */,
				B41C4769274AAF6A0024ECB7 /* Bechmark.swift in Sources */,
				B41C4770274AAF6A0024ECB7 /* LinearTransformation.swift in Sources */,
				B41C4775274AAF6A0024ECB7 /* Algebra.swift in Sources */,
				B49BFDAD274B4BC50046FDDF /* BackgroundTask.swift in Sources */,
				B49BFDB5274B4BC50046FDDF /* MetalBicubic.swift in Sources */,
				B437F164275334CB00A1CE41 /* anime_style_art_rgb_noise2_model.mlpackage in Sources */,
				B49BFD96274B4BC50046FDDF /* MLModel+Prediction.swift in Sources */,
				B49BFDAB274B4BC50046FDDF /* Bicubic.swift in Sources */,
				B437F170275334CB00A1CE41 /* upconv_7_photo_noise0_scale2.mlpackage in Sources */,
				B437F166275334CB00A1CE41 /* anime_style_art_noise1_model.mlpackage in Sources */,
				B49BFDAA274B4BC50046FDDF /* CGImage+Crop.swift in Sources */,
				B49BFD94274B4BC50046FDDF /* BackgroundPipeline.swift in Sources */,
				B41C476D274AAF6A0024ECB7 /* FinderItem.swift in Sources */,
				B41C473E274AA7850024ECB7 /* ContentView.swift in Sources */,
				B437F16F275334CB00A1CE41 /* anime_style_art_rgb_noise1_model.mlpackage in Sources */,
				B41C4763274AAF6A0024ECB7 /* Int10.swift in Sources */,
				B41C476A274AAF6A0024ECB7 /* Point.swift in Sources */,
				B41C4771274AAF6A0024ECB7 /* Expression.swift in Sources */,
				B437F16B275334CB00A1CE41 /* anime_style_art_rgb_noise0_model.mlpackage in Sources */,
				B437F15F275334CB00A1CE41 /* anime_style_art_noise2_model.mlpackage in Sources */,
				B49BFDB1274B4BC50046FDDF /* CGImage+Expand.swift in Sources */,
				B437F172275334CB00A1CE41 /* upconv_7_anime_style_art_rgb_noise0_scale2.mlpackage in Sources */,
				B41C4774274AAF6A0024ECB7 /* Plane.swift in Sources */,
				B49BFDB0274B4BC50046FDDF /* NSImage+Alpha.swift in Sources */,
				B437F15B275334CB00A1CE41 /* upconv_7_photo_noise3_scale2.mlpackage in Sources */,
				B41C4764274AAF6A0024ECB7 /* Complex.swift in Sources */,
				B49BFDAF274B4BC50046FDDF /* Queue.swift in Sources */,
				B437F15D275334CB00A1CE41 /* anime_style_art_scale2.mlpackage in Sources */,
				B49BFDAC274B4BC50046FDDF /* Waifu2x.swift in Sources */,
				B47664D62753056300FD78EA /* Calculation.metal in Sources */,
				B41C476E274AAF6A0024ECB7 /* Support.swift in Sources */,
				B41C4773274AAF6A0024ECB7 /* Matrix.swift in Sources */,
				B437F16C275334CB00A1CE41 /* upconv_7_anime_style_art_rgb_noise1_scale2.mlpackage in Sources */,
				B41C473C274AA7850024ECB7 /* waifuExtensionApp.swift in Sources */,
				B437F16D275334CB00A1CE41 /* upconv_7_anime_style_art_rgb_scale2.mlpackage in Sources */,
				B41C4766274AAF6A0024ECB7 /* Arithmetical.swift in Sources */,
				B41C476B274AAF6A0024ECB7 /* Canvas.swift in Sources */,
				B437F163275334CB00A1CE41 /* anime_style_art_noise3_model.mlpackage in Sources */,
				B437F161275334CB00A1CE41 /* upconv_7_photo_noise2_scale2.mlpackage in Sources */,
				B437F160275334CB00A1CE41 /* ukbench_scale2.mlpackage in Sources */,
				B49BFDB4274B4BC50046FDDF /* NSImage+Bicubic.swift in Sources */,
				B437F167275334CB00A1CE41 /* photo_noise1_model.mlpackage in Sources */,
				B437F16A275334CB00A1CE41 /* anime_style_art_rgb_scale2.mlpackage in Sources */,
				B49BFDB2274B4BC50046FDDF /* bicubic.metal in Sources */,
			);
			runOnlyForDeploymentPostprocessing = 0;
		};
/* End PBXSourcesBuildPhase section */

/* Begin XCBuildConfiguration section */
		B41C4745274AA7850024ECB7 /* Debug */ = {
			isa = XCBuildConfiguration;
			buildSettings = {
				ALWAYS_SEARCH_USER_PATHS = NO;
				CLANG_ANALYZER_NONNULL = YES;
				CLANG_ANALYZER_NUMBER_OBJECT_CONVERSION = YES_AGGRESSIVE;
				CLANG_CXX_LANGUAGE_STANDARD = "gnu++17";
				CLANG_CXX_LIBRARY = "libc++";
				CLANG_ENABLE_MODULES = YES;
				CLANG_ENABLE_OBJC_ARC = YES;
				CLANG_ENABLE_OBJC_WEAK = YES;
				CLANG_WARN_BLOCK_CAPTURE_AUTORELEASING = YES;
				CLANG_WARN_BOOL_CONVERSION = YES;
				CLANG_WARN_COMMA = YES;
				CLANG_WARN_CONSTANT_CONVERSION = YES;
				CLANG_WARN_DEPRECATED_OBJC_IMPLEMENTATIONS = YES;
				CLANG_WARN_DIRECT_OBJC_ISA_USAGE = YES_ERROR;
				CLANG_WARN_DOCUMENTATION_COMMENTS = YES;
				CLANG_WARN_EMPTY_BODY = YES;
				CLANG_WARN_ENUM_CONVERSION = YES;
				CLANG_WARN_INFINITE_RECURSION = YES;
				CLANG_WARN_INT_CONVERSION = YES;
				CLANG_WARN_NON_LITERAL_NULL_CONVERSION = YES;
				CLANG_WARN_OBJC_IMPLICIT_RETAIN_SELF = YES;
				CLANG_WARN_OBJC_LITERAL_CONVERSION = YES;
				CLANG_WARN_OBJC_ROOT_CLASS = YES_ERROR;
				CLANG_WARN_QUOTED_INCLUDE_IN_FRAMEWORK_HEADER = YES;
				CLANG_WARN_RANGE_LOOP_ANALYSIS = YES;
				CLANG_WARN_STRICT_PROTOTYPES = YES;
				CLANG_WARN_SUSPICIOUS_MOVE = YES;
				CLANG_WARN_UNGUARDED_AVAILABILITY = YES_AGGRESSIVE;
				CLANG_WARN_UNREACHABLE_CODE = YES;
				CLANG_WARN__DUPLICATE_METHOD_MATCH = YES;
				COPY_PHASE_STRIP = NO;
				DEBUG_INFORMATION_FORMAT = dwarf;
				ENABLE_STRICT_OBJC_MSGSEND = YES;
				ENABLE_TESTABILITY = YES;
				GCC_C_LANGUAGE_STANDARD = gnu11;
				GCC_DYNAMIC_NO_PIC = NO;
				GCC_NO_COMMON_BLOCKS = YES;
				GCC_OPTIMIZATION_LEVEL = 0;
				GCC_PREPROCESSOR_DEFINITIONS = (
					"DEBUG=1",
					"$(inherited)",
				);
				GCC_WARN_64_TO_32_BIT_CONVERSION = YES;
				GCC_WARN_ABOUT_RETURN_TYPE = YES_ERROR;
				GCC_WARN_UNDECLARED_SELECTOR = YES;
				GCC_WARN_UNINITIALIZED_AUTOS = YES_AGGRESSIVE;
				GCC_WARN_UNUSED_FUNCTION = YES;
				GCC_WARN_UNUSED_VARIABLE = YES;
				MACOSX_DEPLOYMENT_TARGET = 12.0;
				MTL_ENABLE_DEBUG_INFO = INCLUDE_SOURCE;
				MTL_FAST_MATH = YES;
				ONLY_ACTIVE_ARCH = YES;
				SDKROOT = macosx;
				SWIFT_ACTIVE_COMPILATION_CONDITIONS = DEBUG;
				SWIFT_OPTIMIZATION_LEVEL = "-Onone";
			};
			name = Debug;
		};
		B41C4746274AA7850024ECB7 /* Release */ = {
			isa = XCBuildConfiguration;
			buildSettings = {
				ALWAYS_SEARCH_USER_PATHS = NO;
				CLANG_ANALYZER_NONNULL = YES;
				CLANG_ANALYZER_NUMBER_OBJECT_CONVERSION = YES_AGGRESSIVE;
				CLANG_CXX_LANGUAGE_STANDARD = "gnu++17";
				CLANG_CXX_LIBRARY = "libc++";
				CLANG_ENABLE_MODULES = YES;
				CLANG_ENABLE_OBJC_ARC = YES;
				CLANG_ENABLE_OBJC_WEAK = YES;
				CLANG_WARN_BLOCK_CAPTURE_AUTORELEASING = YES;
				CLANG_WARN_BOOL_CONVERSION = YES;
				CLANG_WARN_COMMA = YES;
				CLANG_WARN_CONSTANT_CONVERSION = YES;
				CLANG_WARN_DEPRECATED_OBJC_IMPLEMENTATIONS = YES;
				CLANG_WARN_DIRECT_OBJC_ISA_USAGE = YES_ERROR;
				CLANG_WARN_DOCUMENTATION_COMMENTS = YES;
				CLANG_WARN_EMPTY_BODY = YES;
				CLANG_WARN_ENUM_CONVERSION = YES;
				CLANG_WARN_INFINITE_RECURSION = YES;
				CLANG_WARN_INT_CONVERSION = YES;
				CLANG_WARN_NON_LITERAL_NULL_CONVERSION = YES;
				CLANG_WARN_OBJC_IMPLICIT_RETAIN_SELF = YES;
				CLANG_WARN_OBJC_LITERAL_CONVERSION = YES;
				CLANG_WARN_OBJC_ROOT_CLASS = YES_ERROR;
				CLANG_WARN_QUOTED_INCLUDE_IN_FRAMEWORK_HEADER = YES;
				CLANG_WARN_RANGE_LOOP_ANALYSIS = YES;
				CLANG_WARN_STRICT_PROTOTYPES = YES;
				CLANG_WARN_SUSPICIOUS_MOVE = YES;
				CLANG_WARN_UNGUARDED_AVAILABILITY = YES_AGGRESSIVE;
				CLANG_WARN_UNREACHABLE_CODE = YES;
				CLANG_WARN__DUPLICATE_METHOD_MATCH = YES;
				COPY_PHASE_STRIP = NO;
				DEBUG_INFORMATION_FORMAT = "dwarf-with-dsym";
				ENABLE_NS_ASSERTIONS = NO;
				ENABLE_STRICT_OBJC_MSGSEND = YES;
				GCC_C_LANGUAGE_STANDARD = gnu11;
				GCC_NO_COMMON_BLOCKS = YES;
				GCC_WARN_64_TO_32_BIT_CONVERSION = YES;
				GCC_WARN_ABOUT_RETURN_TYPE = YES_ERROR;
				GCC_WARN_UNDECLARED_SELECTOR = YES;
				GCC_WARN_UNINITIALIZED_AUTOS = YES_AGGRESSIVE;
				GCC_WARN_UNUSED_FUNCTION = YES;
				GCC_WARN_UNUSED_VARIABLE = YES;
				MACOSX_DEPLOYMENT_TARGET = 12.0;
				MTL_ENABLE_DEBUG_INFO = NO;
				MTL_FAST_MATH = YES;
				SDKROOT = macosx;
				SWIFT_COMPILATION_MODE = wholemodule;
				SWIFT_OPTIMIZATION_LEVEL = "-O";
			};
			name = Release;
		};
		B41C4748274AA7850024ECB7 /* Debug */ = {
			isa = XCBuildConfiguration;
			buildSettings = {
				ASSETCATALOG_COMPILER_APPICON_NAME = AppIcon;
				ASSETCATALOG_COMPILER_GLOBAL_ACCENT_COLOR_NAME = AccentColor;
				ASSETCATALOG_COMPILER_INCLUDE_ALL_APPICON_ASSETS = YES;
				CODE_SIGN_ENTITLEMENTS = waifuExtension/waifuExtension.entitlements;
				CODE_SIGN_STYLE = Automatic;
				COMBINE_HIDPI_IMAGES = YES;
				CURRENT_PROJECT_VERSION = 1;
				DEVELOPMENT_ASSET_PATHS = "\"waifuExtension/Preview Content\"";
				DEVELOPMENT_TEAM = 3PH93LN984;
				ENABLE_HARDENED_RUNTIME = YES;
				ENABLE_PREVIEWS = YES;
				GENERATE_INFOPLIST_FILE = YES;
				INFOPLIST_KEY_LSApplicationCategoryType = "public.app-category.utilities";
				INFOPLIST_KEY_NSHumanReadableCopyright = "© Vaida";
				LD_RUNPATH_SEARCH_PATHS = (
					"$(inherited)",
					"@executable_path/../Frameworks",
				);
				MACOSX_DEPLOYMENT_TARGET = 12.0.1;
				MARKETING_VERSION = 2.4.2;
				PRODUCT_BUNDLE_IDENTIFIER = com.Vaida.waifuExtension;
				PRODUCT_NAME = "$(TARGET_NAME)";
				SWIFT_EMIT_LOC_STRINGS = YES;
				SWIFT_VERSION = 5.0;
			};
			name = Debug;
		};
		B41C4749274AA7850024ECB7 /* Release */ = {
			isa = XCBuildConfiguration;
			buildSettings = {
				ASSETCATALOG_COMPILER_APPICON_NAME = AppIcon;
				ASSETCATALOG_COMPILER_GLOBAL_ACCENT_COLOR_NAME = AccentColor;
				ASSETCATALOG_COMPILER_INCLUDE_ALL_APPICON_ASSETS = YES;
				CODE_SIGN_ENTITLEMENTS = waifuExtension/waifuExtension.entitlements;
				CODE_SIGN_STYLE = Automatic;
				COMBINE_HIDPI_IMAGES = YES;
				CURRENT_PROJECT_VERSION = 1;
				DEVELOPMENT_ASSET_PATHS = "\"waifuExtension/Preview Content\"";
				DEVELOPMENT_TEAM = 3PH93LN984;
				ENABLE_HARDENED_RUNTIME = YES;
				ENABLE_PREVIEWS = YES;
				GENERATE_INFOPLIST_FILE = YES;
				INFOPLIST_KEY_LSApplicationCategoryType = "public.app-category.utilities";
				INFOPLIST_KEY_NSHumanReadableCopyright = "© Vaida";
				LD_RUNPATH_SEARCH_PATHS = (
					"$(inherited)",
					"@executable_path/../Frameworks",
				);
				MACOSX_DEPLOYMENT_TARGET = 12.0.1;
				MARKETING_VERSION = 2.4.2;
				PRODUCT_BUNDLE_IDENTIFIER = com.Vaida.waifuExtension;
				PRODUCT_NAME = "$(TARGET_NAME)";
				SWIFT_EMIT_LOC_STRINGS = YES;
				SWIFT_VERSION = 5.0;
			};
			name = Release;
		};
/* End XCBuildConfiguration section */

/* Begin XCConfigurationList section */
		B41C4733274AA7850024ECB7 /* Build configuration list for PBXProject "waifuExtension" */ = {
			isa = XCConfigurationList;
			buildConfigurations = (
				B41C4745274AA7850024ECB7 /* Debug */,
				B41C4746274AA7850024ECB7 /* Release */,
			);
			defaultConfigurationIsVisible = 0;
			defaultConfigurationName = Release;
		};
		B41C4747274AA7850024ECB7 /* Build configuration list for PBXNativeTarget "waifuExtension" */ = {
			isa = XCConfigurationList;
			buildConfigurations = (
				B41C4748274AA7850024ECB7 /* Debug */,
				B41C4749274AA7850024ECB7 /* Release */,
			);
			defaultConfigurationIsVisible = 0;
			defaultConfigurationName = Release;
		};
/* End XCConfigurationList section */
	};
	rootObject = B41C4730274AA7850024ECB7 /* Project object */;
}
