// !$*UTF8*$!
{
	archiveVersion = 1;
	classes = {
	};
	objectVersion = 55;
	objects = {

/* Begin PBXBuildFile section */
		B41527FB27555EC80051CE81 /* README.md in Resources */ = {isa = PBXBuildFile; fileRef = B41527FA27555EC80051CE81 /* README.md */; };
		B41527FD27555ECF0051CE81 /* LICENSE in Resources */ = {isa = PBXBuildFile; fileRef = B41527FC27555ECF0051CE81 /* LICENSE */; };
		B41C473C274AA7850024ECB7 /* waifuExtensionApp.swift in Sources */ = {isa = PBXBuildFile; fileRef = B41C473B274AA7850024ECB7 /* waifuExtensionApp.swift */; };
		B41C473E274AA7850024ECB7 /* ContentView.swift in Sources */ = {isa = PBXBuildFile; fileRef = B41C473D274AA7850024ECB7 /* ContentView.swift */; };
		B41C4740274AA7850024ECB7 /* Assets.xcassets in Resources */ = {isa = PBXBuildFile; fileRef = B41C473F274AA7850024ECB7 /* Assets.xcassets */; };
		B41C4743274AA7850024ECB7 /* Preview Assets.xcassets in Resources */ = {isa = PBXBuildFile; fileRef = B41C4742274AA7850024ECB7 /* Preview Assets.xcassets */; };
		B445F70027585906004BAE04 /* ConfigurationView.swift in Sources */ = {isa = PBXBuildFile; fileRef = B445F6FF27585906004BAE04 /* ConfigurationView.swift */; };
		B464DB2B285A446700127992 /* Support in Frameworks */ = {isa = PBXBuildFile; productRef = B464DB2A285A446700127992 /* Support */; };
		B48748D628563CC200ECD00E /* ContainerView.swift in Sources */ = {isa = PBXBuildFile; fileRef = B48748D528563CC200ECD00E /* ContainerView.swift */; };
		B4953AFF28224708003F7257 /* GridView.swift in Sources */ = {isa = PBXBuildFile; fileRef = B4953AFE28224708003F7257 /* GridView.swift */; };
		B4953B0128224757003F7257 /* ModelView.swift in Sources */ = {isa = PBXBuildFile; fileRef = B4953B0028224757003F7257 /* ModelView.swift */; };
		B4953B032822478D003F7257 /* ProcessingView.swift in Sources */ = {isa = PBXBuildFile; fileRef = B4953B022822478D003F7257 /* ProcessingView.swift */; };
		B4B8B8482879FF2000585DA5 /* ProcessConfig.swift in Sources */ = {isa = PBXBuildFile; fileRef = B4B8B8472879FF2000585DA5 /* ProcessConfig.swift */; };
		B4D8A42C2876A13A005E9A37 /* Process Supports.swift in Sources */ = {isa = PBXBuildFile; fileRef = B4D8A3EE2876A13A005E9A37 /* Process Supports.swift */; };
		B4D8A42D2876A13A005E9A37 /* upconv_7_anime_style_art_rgb_noise3_scale2.mlpackage in Sources */ = {isa = PBXBuildFile; fileRef = B4D8A3F32876A13A005E9A37 /* upconv_7_anime_style_art_rgb_noise3_scale2.mlpackage */; };
		B4D8A42E2876A13A005E9A37 /* upconv_7_anime_style_art_rgb_noise2_scale2.mlpackage in Sources */ = {isa = PBXBuildFile; fileRef = B4D8A3F42876A13A005E9A37 /* upconv_7_anime_style_art_rgb_noise2_scale2.mlpackage */; };
		B4D8A42F2876A13A005E9A37 /* upconv_7_anime_style_art_rgb_noise1_scale2.mlpackage in Sources */ = {isa = PBXBuildFile; fileRef = B4D8A3F52876A13A005E9A37 /* upconv_7_anime_style_art_rgb_noise1_scale2.mlpackage */; };
		B4D8A4302876A13A005E9A37 /* upconv_7_anime_style_art_rgb_scale2.mlpackage in Sources */ = {isa = PBXBuildFile; fileRef = B4D8A3F62876A13A005E9A37 /* upconv_7_anime_style_art_rgb_scale2.mlpackage */; };
		B4D8A4312876A13A005E9A37 /* upconv_7_anime_style_art_rgb_noise0_scale2.mlpackage in Sources */ = {isa = PBXBuildFile; fileRef = B4D8A3F72876A13A005E9A37 /* upconv_7_anime_style_art_rgb_noise0_scale2.mlpackage */; };
		B4D8A4322876A13A005E9A37 /* upconv_7_photo_noise3_scale2.mlpackage in Sources */ = {isa = PBXBuildFile; fileRef = B4D8A3F92876A13A005E9A37 /* upconv_7_photo_noise3_scale2.mlpackage */; };
		B4D8A4332876A13A005E9A37 /* upconv_7_photo_noise2_scale2.mlpackage in Sources */ = {isa = PBXBuildFile; fileRef = B4D8A3FA2876A13A005E9A37 /* upconv_7_photo_noise2_scale2.mlpackage */; };
		B4D8A4342876A13A005E9A37 /* upconv_7_photo_scale2.mlpackage in Sources */ = {isa = PBXBuildFile; fileRef = B4D8A3FB2876A13A005E9A37 /* upconv_7_photo_scale2.mlpackage */; };
		B4D8A4352876A13A005E9A37 /* upconv_7_photo_noise1_scale2.mlpackage in Sources */ = {isa = PBXBuildFile; fileRef = B4D8A3FC2876A13A005E9A37 /* upconv_7_photo_noise1_scale2.mlpackage */; };
		B4D8A4362876A13A005E9A37 /* upconv_7_photo_noise0_scale2.mlpackage in Sources */ = {isa = PBXBuildFile; fileRef = B4D8A3FD2876A13A005E9A37 /* upconv_7_photo_noise0_scale2.mlpackage */; };
		B4D8A4372876A13A005E9A37 /* ukbench_scale2.mlpackage in Sources */ = {isa = PBXBuildFile; fileRef = B4D8A3FF2876A13A005E9A37 /* ukbench_scale2.mlpackage */; };
		B4D8A4382876A13A005E9A37 /* anime_style_art_scale2.mlpackage in Sources */ = {isa = PBXBuildFile; fileRef = B4D8A4012876A13A005E9A37 /* anime_style_art_scale2.mlpackage */; };
		B4D8A4392876A13A005E9A37 /* anime_style_art_noise2_model.mlpackage in Sources */ = {isa = PBXBuildFile; fileRef = B4D8A4022876A13A005E9A37 /* anime_style_art_noise2_model.mlpackage */; };
		B4D8A43A2876A13A005E9A37 /* anime_style_art_noise3_model.mlpackage in Sources */ = {isa = PBXBuildFile; fileRef = B4D8A4032876A13A005E9A37 /* anime_style_art_noise3_model.mlpackage */; };
		B4D8A43B2876A13A005E9A37 /* anime_style_art_noise1_model.mlpackage in Sources */ = {isa = PBXBuildFile; fileRef = B4D8A4042876A13A005E9A37 /* anime_style_art_noise1_model.mlpackage */; };
		B4D8A43C2876A13A005E9A37 /* photo_noise2_model.mlpackage in Sources */ = {isa = PBXBuildFile; fileRef = B4D8A4062876A13A005E9A37 /* photo_noise2_model.mlpackage */; };
		B4D8A43D2876A13A005E9A37 /* photo_noise3_model.mlpackage in Sources */ = {isa = PBXBuildFile; fileRef = B4D8A4072876A13A005E9A37 /* photo_noise3_model.mlpackage */; };
		B4D8A43E2876A13A005E9A37 /* photo_noise1_model.mlpackage in Sources */ = {isa = PBXBuildFile; fileRef = B4D8A4082876A13A005E9A37 /* photo_noise1_model.mlpackage */; };
		B4D8A43F2876A13A005E9A37 /* photo_scale2.mlpackage in Sources */ = {isa = PBXBuildFile; fileRef = B4D8A4092876A13A005E9A37 /* photo_scale2.mlpackage */; };
		B4D8A4402876A13A005E9A37 /* photo_noise0_model.mlpackage in Sources */ = {isa = PBXBuildFile; fileRef = B4D8A40A2876A13A005E9A37 /* photo_noise0_model.mlpackage */; };
		B4D8A4412876A13A005E9A37 /* anime_style_art_rgb_noise3_model.mlpackage in Sources */ = {isa = PBXBuildFile; fileRef = B4D8A40C2876A13A005E9A37 /* anime_style_art_rgb_noise3_model.mlpackage */; };
		B4D8A4422876A13A005E9A37 /* anime_style_art_rgb_noise2_model.mlpackage in Sources */ = {isa = PBXBuildFile; fileRef = B4D8A40D2876A13A005E9A37 /* anime_style_art_rgb_noise2_model.mlpackage */; };
		B4D8A4432876A13A005E9A37 /* anime_style_art_rgb_scale2.mlpackage in Sources */ = {isa = PBXBuildFile; fileRef = B4D8A40E2876A13A005E9A37 /* anime_style_art_rgb_scale2.mlpackage */; };
		B4D8A4442876A13A005E9A37 /* anime_style_art_rgb_noise0_model.mlpackage in Sources */ = {isa = PBXBuildFile; fileRef = B4D8A40F2876A13A005E9A37 /* anime_style_art_rgb_noise0_model.mlpackage */; };
		B4D8A4452876A13A005E9A37 /* anime_style_art_rgb_noise1_model.mlpackage in Sources */ = {isa = PBXBuildFile; fileRef = B4D8A4102876A13A005E9A37 /* anime_style_art_rgb_noise1_model.mlpackage */; };
		B4D8A4462876A13A005E9A37 /* BackgroundPipeline.swift in Sources */ = {isa = PBXBuildFile; fileRef = B4D8A4122876A13A005E9A37 /* BackgroundPipeline.swift */; };
		B4D8A4472876A13A005E9A37 /* MLModel+Prediction.swift in Sources */ = {isa = PBXBuildFile; fileRef = B4D8A4132876A13A005E9A37 /* MLModel+Prediction.swift */; };
		B4D8A4492876A13A005E9A37 /* CGImage+Crop.swift in Sources */ = {isa = PBXBuildFile; fileRef = B4D8A4152876A13A005E9A37 /* CGImage+Crop.swift */; };
		B4D8A44A2876A13A005E9A37 /* Bicubic.swift in Sources */ = {isa = PBXBuildFile; fileRef = B4D8A4162876A13A005E9A37 /* Bicubic.swift */; };
		B4D8A44B2876A13A005E9A37 /* Waifu2x.swift in Sources */ = {isa = PBXBuildFile; fileRef = B4D8A4172876A13A005E9A37 /* Waifu2x.swift */; };
		B4D8A44C2876A13A005E9A37 /* BackgroundTask.swift in Sources */ = {isa = PBXBuildFile; fileRef = B4D8A4182876A13A005E9A37 /* BackgroundTask.swift */; };
		B4D8A44D2876A13A005E9A37 /* NSImage+Crop.swift in Sources */ = {isa = PBXBuildFile; fileRef = B4D8A4192876A13A005E9A37 /* NSImage+Crop.swift */; };
		B4D8A44E2876A13A005E9A37 /* Queue.swift in Sources */ = {isa = PBXBuildFile; fileRef = B4D8A41A2876A13A005E9A37 /* Queue.swift */; };
		B4D8A44F2876A13A005E9A37 /* NSImage+Alpha.swift in Sources */ = {isa = PBXBuildFile; fileRef = B4D8A41B2876A13A005E9A37 /* NSImage+Alpha.swift */; };
		B4D8A4502876A13A005E9A37 /* CGImage+Expand.swift in Sources */ = {isa = PBXBuildFile; fileRef = B4D8A41C2876A13A005E9A37 /* CGImage+Expand.swift */; };
		B4D8A4512876A13A005E9A37 /* bicubic.metal in Sources */ = {isa = PBXBuildFile; fileRef = B4D8A41D2876A13A005E9A37 /* bicubic.metal */; };
		B4D8A4522876A13A005E9A37 /* Calculation.metal in Sources */ = {isa = PBXBuildFile; fileRef = B4D8A41E2876A13A005E9A37 /* Calculation.metal */; };
		B4D8A4532876A13A005E9A37 /* Info.plist in Resources */ = {isa = PBXBuildFile; fileRef = B4D8A41F2876A13A005E9A37 /* Info.plist */; };
		B4D8A4542876A13A005E9A37 /* NSImage+Bicubic.swift in Sources */ = {isa = PBXBuildFile; fileRef = B4D8A4202876A13A005E9A37 /* NSImage+Bicubic.swift */; };
		B4D8A4552876A13A005E9A37 /* MetalBicubic.swift in Sources */ = {isa = PBXBuildFile; fileRef = B4D8A4212876A13A005E9A37 /* MetalBicubic.swift */; };
		B4D8A4562876A13A005E9A37 /* Model_Caffe.swift in Sources */ = {isa = PBXBuildFile; fileRef = B4D8A4222876A13A005E9A37 /* Model_Caffe.swift */; };
		B4D8A4572876A13A005E9A37 /* ModelCoordinator.swift in Sources */ = {isa = PBXBuildFile; fileRef = B4D8A4232876A13A005E9A37 /* ModelCoordinator.swift */; };
		B4D8A4582876A13A005E9A37 /* InstalledModels.swift in Sources */ = {isa = PBXBuildFile; fileRef = B4D8A4252876A13A005E9A37 /* InstalledModels.swift */; };
		B4D8A4592876A13A005E9A37 /* ModelDataProvider.swift in Sources */ = {isa = PBXBuildFile; fileRef = B4D8A4262876A13A005E9A37 /* ModelDataProvider.swift */; };
		B4D8A45A2876A13A005E9A37 /* icon.icns in Resources */ = {isa = PBXBuildFile; fileRef = B4D8A4282876A13A005E9A37 /* icon.icns */; };
		B4D8A45B2876A13A005E9A37 /* WorkItem.swift in Sources */ = {isa = PBXBuildFile; fileRef = B4D8A42A2876A13A005E9A37 /* WorkItem.swift */; };
		B4D8A45C2876A13A005E9A37 /* MainModel.swift in Sources */ = {isa = PBXBuildFile; fileRef = B4D8A42B2876A13A005E9A37 /* MainModel.swift */; };
		B4D8A4612876A173005E9A37 /* realsr-ncnn-vulkan in Resources */ = {isa = PBXBuildFile; fileRef = B4D8A45E2876A170005E9A37 /* realsr-ncnn-vulkan */; };
		B4D8A4622876A173005E9A37 /* realcugan-ncnn-vulkan in Resources */ = {isa = PBXBuildFile; fileRef = B4D8A45F2876A171005E9A37 /* realcugan-ncnn-vulkan */; };
		B4D8A4632876A173005E9A37 /* realesrgan-ncnn-vulkan in Resources */ = {isa = PBXBuildFile; fileRef = B4D8A4602876A173005E9A37 /* realesrgan-ncnn-vulkan */; };
		B4E96BC627EF6CFD00A2D4B1 /* ModelManager.swift in Sources */ = {isa = PBXBuildFile; fileRef = B4E96BC527EF6CFD00A2D4B1 /* ModelManager.swift */; };
		B4F1F3742876AB5F00D6851F /* BiasRecorder.swift in Sources */ = {isa = PBXBuildFile; fileRef = B4F1F3732876AB5F00D6851F /* BiasRecorder.swift */; };
		B4F1F3782876B8E700D6851F /* Localizable.strings in Resources */ = {isa = PBXBuildFile; fileRef = B4F1F37A2876B8E700D6851F /* Localizable.strings */; };
/* End PBXBuildFile section */

/* Begin PBXFileReference section */
		B40CF97A2876CBD400376992 /* zh-Hant */ = {isa = PBXFileReference; lastKnownFileType = text.plist.strings; name = "zh-Hant"; path = "zh-Hant.lproj/Localizable.strings"; sourceTree = "<group>"; };
		B41527FA27555EC80051CE81 /* README.md */ = {isa = PBXFileReference; fileEncoding = 4; lastKnownFileType = net.daringfireball.markdown; path = README.md; sourceTree = "<group>"; };
		B41527FC27555ECF0051CE81 /* LICENSE */ = {isa = PBXFileReference; fileEncoding = 4; lastKnownFileType = text; path = LICENSE; sourceTree = "<group>"; };
		B41C4738274AA7850024ECB7 /* waifuExtension.app */ = {isa = PBXFileReference; explicitFileType = wrapper.application; includeInIndex = 0; path = waifuExtension.app; sourceTree = BUILT_PRODUCTS_DIR; };
		B41C473B274AA7850024ECB7 /* waifuExtensionApp.swift */ = {isa = PBXFileReference; lastKnownFileType = sourcecode.swift; path = waifuExtensionApp.swift; sourceTree = "<group>"; };
		B41C473D274AA7850024ECB7 /* ContentView.swift */ = {isa = PBXFileReference; lastKnownFileType = sourcecode.swift; path = ContentView.swift; sourceTree = "<group>"; };
		B41C473F274AA7850024ECB7 /* Assets.xcassets */ = {isa = PBXFileReference; lastKnownFileType = folder.assetcatalog; path = Assets.xcassets; sourceTree = "<group>"; };
		B41C4742274AA7850024ECB7 /* Preview Assets.xcassets */ = {isa = PBXFileReference; lastKnownFileType = folder.assetcatalog; path = "Preview Assets.xcassets"; sourceTree = "<group>"; };
		B41C4744274AA7850024ECB7 /* waifuExtension.entitlements */ = {isa = PBXFileReference; lastKnownFileType = text.plist.entitlements; path = waifuExtension.entitlements; sourceTree = "<group>"; };
		B445F6FF27585906004BAE04 /* ConfigurationView.swift */ = {isa = PBXFileReference; lastKnownFileType = sourcecode.swift; path = ConfigurationView.swift; sourceTree = "<group>"; };
		B446F51128223B1600FF42D6 /* DataBase */ = {isa = PBXFileReference; lastKnownFileType = wrapper; name = DataBase; path = ../../Packages/DataBase; sourceTree = "<group>"; };
		B48748D528563CC200ECD00E /* ContainerView.swift */ = {isa = PBXFileReference; lastKnownFileType = sourcecode.swift; path = ContainerView.swift; sourceTree = "<group>"; };
		B4953AFE28224708003F7257 /* GridView.swift */ = {isa = PBXFileReference; lastKnownFileType = sourcecode.swift; path = GridView.swift; sourceTree = "<group>"; };
		B4953B0028224757003F7257 /* ModelView.swift */ = {isa = PBXFileReference; lastKnownFileType = sourcecode.swift; path = ModelView.swift; sourceTree = "<group>"; };
		B4953B022822478D003F7257 /* ProcessingView.swift */ = {isa = PBXFileReference; lastKnownFileType = sourcecode.swift; path = ProcessingView.swift; sourceTree = "<group>"; };
		B4B8B8472879FF2000585DA5 /* ProcessConfig.swift */ = {isa = PBXFileReference; lastKnownFileType = sourcecode.swift; path = ProcessConfig.swift; sourceTree = "<group>"; };
		B4D8A3EE2876A13A005E9A37 /* Process Supports.swift */ = {isa = PBXFileReference; fileEncoding = 4; lastKnownFileType = sourcecode.swift; path = "Process Supports.swift"; sourceTree = "<group>"; };
		B4D8A3F32876A13A005E9A37 /* upconv_7_anime_style_art_rgb_noise3_scale2.mlpackage */ = {isa = PBXFileReference; lastKnownFileType = folder.mlpackage; path = upconv_7_anime_style_art_rgb_noise3_scale2.mlpackage; sourceTree = "<group>"; };
		B4D8A3F42876A13A005E9A37 /* upconv_7_anime_style_art_rgb_noise2_scale2.mlpackage */ = {isa = PBXFileReference; lastKnownFileType = folder.mlpackage; path = upconv_7_anime_style_art_rgb_noise2_scale2.mlpackage; sourceTree = "<group>"; };
		B4D8A3F52876A13A005E9A37 /* upconv_7_anime_style_art_rgb_noise1_scale2.mlpackage */ = {isa = PBXFileReference; lastKnownFileType = folder.mlpackage; path = upconv_7_anime_style_art_rgb_noise1_scale2.mlpackage; sourceTree = "<group>"; };
		B4D8A3F62876A13A005E9A37 /* upconv_7_anime_style_art_rgb_scale2.mlpackage */ = {isa = PBXFileReference; lastKnownFileType = folder.mlpackage; path = upconv_7_anime_style_art_rgb_scale2.mlpackage; sourceTree = "<group>"; };
		B4D8A3F72876A13A005E9A37 /* upconv_7_anime_style_art_rgb_noise0_scale2.mlpackage */ = {isa = PBXFileReference; lastKnownFileType = folder.mlpackage; path = upconv_7_anime_style_art_rgb_noise0_scale2.mlpackage; sourceTree = "<group>"; };
		B4D8A3F92876A13A005E9A37 /* upconv_7_photo_noise3_scale2.mlpackage */ = {isa = PBXFileReference; lastKnownFileType = folder.mlpackage; path = upconv_7_photo_noise3_scale2.mlpackage; sourceTree = "<group>"; };
		B4D8A3FA2876A13A005E9A37 /* upconv_7_photo_noise2_scale2.mlpackage */ = {isa = PBXFileReference; lastKnownFileType = folder.mlpackage; path = upconv_7_photo_noise2_scale2.mlpackage; sourceTree = "<group>"; };
		B4D8A3FB2876A13A005E9A37 /* upconv_7_photo_scale2.mlpackage */ = {isa = PBXFileReference; lastKnownFileType = folder.mlpackage; path = upconv_7_photo_scale2.mlpackage; sourceTree = "<group>"; };
		B4D8A3FC2876A13A005E9A37 /* upconv_7_photo_noise1_scale2.mlpackage */ = {isa = PBXFileReference; lastKnownFileType = folder.mlpackage; path = upconv_7_photo_noise1_scale2.mlpackage; sourceTree = "<group>"; };
		B4D8A3FD2876A13A005E9A37 /* upconv_7_photo_noise0_scale2.mlpackage */ = {isa = PBXFileReference; lastKnownFileType = folder.mlpackage; path = upconv_7_photo_noise0_scale2.mlpackage; sourceTree = "<group>"; };
		B4D8A3FF2876A13A005E9A37 /* ukbench_scale2.mlpackage */ = {isa = PBXFileReference; lastKnownFileType = folder.mlpackage; path = ukbench_scale2.mlpackage; sourceTree = "<group>"; };
		B4D8A4012876A13A005E9A37 /* anime_style_art_scale2.mlpackage */ = {isa = PBXFileReference; lastKnownFileType = folder.mlpackage; path = anime_style_art_scale2.mlpackage; sourceTree = "<group>"; };
		B4D8A4022876A13A005E9A37 /* anime_style_art_noise2_model.mlpackage */ = {isa = PBXFileReference; lastKnownFileType = folder.mlpackage; path = anime_style_art_noise2_model.mlpackage; sourceTree = "<group>"; };
		B4D8A4032876A13A005E9A37 /* anime_style_art_noise3_model.mlpackage */ = {isa = PBXFileReference; lastKnownFileType = folder.mlpackage; path = anime_style_art_noise3_model.mlpackage; sourceTree = "<group>"; };
		B4D8A4042876A13A005E9A37 /* anime_style_art_noise1_model.mlpackage */ = {isa = PBXFileReference; lastKnownFileType = folder.mlpackage; path = anime_style_art_noise1_model.mlpackage; sourceTree = "<group>"; };
		B4D8A4062876A13A005E9A37 /* photo_noise2_model.mlpackage */ = {isa = PBXFileReference; lastKnownFileType = folder.mlpackage; path = photo_noise2_model.mlpackage; sourceTree = "<group>"; };
		B4D8A4072876A13A005E9A37 /* photo_noise3_model.mlpackage */ = {isa = PBXFileReference; lastKnownFileType = folder.mlpackage; path = photo_noise3_model.mlpackage; sourceTree = "<group>"; };
		B4D8A4082876A13A005E9A37 /* photo_noise1_model.mlpackage */ = {isa = PBXFileReference; lastKnownFileType = folder.mlpackage; path = photo_noise1_model.mlpackage; sourceTree = "<group>"; };
		B4D8A4092876A13A005E9A37 /* photo_scale2.mlpackage */ = {isa = PBXFileReference; lastKnownFileType = folder.mlpackage; path = photo_scale2.mlpackage; sourceTree = "<group>"; };
		B4D8A40A2876A13A005E9A37 /* photo_noise0_model.mlpackage */ = {isa = PBXFileReference; lastKnownFileType = folder.mlpackage; path = photo_noise0_model.mlpackage; sourceTree = "<group>"; };
		B4D8A40C2876A13A005E9A37 /* anime_style_art_rgb_noise3_model.mlpackage */ = {isa = PBXFileReference; lastKnownFileType = folder.mlpackage; path = anime_style_art_rgb_noise3_model.mlpackage; sourceTree = "<group>"; };
		B4D8A40D2876A13A005E9A37 /* anime_style_art_rgb_noise2_model.mlpackage */ = {isa = PBXFileReference; lastKnownFileType = folder.mlpackage; path = anime_style_art_rgb_noise2_model.mlpackage; sourceTree = "<group>"; };
		B4D8A40E2876A13A005E9A37 /* anime_style_art_rgb_scale2.mlpackage */ = {isa = PBXFileReference; lastKnownFileType = folder.mlpackage; path = anime_style_art_rgb_scale2.mlpackage; sourceTree = "<group>"; };
		B4D8A40F2876A13A005E9A37 /* anime_style_art_rgb_noise0_model.mlpackage */ = {isa = PBXFileReference; lastKnownFileType = folder.mlpackage; path = anime_style_art_rgb_noise0_model.mlpackage; sourceTree = "<group>"; };
		B4D8A4102876A13A005E9A37 /* anime_style_art_rgb_noise1_model.mlpackage */ = {isa = PBXFileReference; lastKnownFileType = folder.mlpackage; path = anime_style_art_rgb_noise1_model.mlpackage; sourceTree = "<group>"; };
		B4D8A4122876A13A005E9A37 /* BackgroundPipeline.swift */ = {isa = PBXFileReference; fileEncoding = 4; lastKnownFileType = sourcecode.swift; path = BackgroundPipeline.swift; sourceTree = "<group>"; };
		B4D8A4132876A13A005E9A37 /* MLModel+Prediction.swift */ = {isa = PBXFileReference; fileEncoding = 4; lastKnownFileType = sourcecode.swift; path = "MLModel+Prediction.swift"; sourceTree = "<group>"; };
		B4D8A4152876A13A005E9A37 /* CGImage+Crop.swift */ = {isa = PBXFileReference; fileEncoding = 4; lastKnownFileType = sourcecode.swift; path = "CGImage+Crop.swift"; sourceTree = "<group>"; };
		B4D8A4162876A13A005E9A37 /* Bicubic.swift */ = {isa = PBXFileReference; fileEncoding = 4; lastKnownFileType = sourcecode.swift; path = Bicubic.swift; sourceTree = "<group>"; };
		B4D8A4172876A13A005E9A37 /* Waifu2x.swift */ = {isa = PBXFileReference; fileEncoding = 4; lastKnownFileType = sourcecode.swift; path = Waifu2x.swift; sourceTree = "<group>"; };
		B4D8A4182876A13A005E9A37 /* BackgroundTask.swift */ = {isa = PBXFileReference; fileEncoding = 4; lastKnownFileType = sourcecode.swift; path = BackgroundTask.swift; sourceTree = "<group>"; };
		B4D8A4192876A13A005E9A37 /* NSImage+Crop.swift */ = {isa = PBXFileReference; fileEncoding = 4; lastKnownFileType = sourcecode.swift; path = "NSImage+Crop.swift"; sourceTree = "<group>"; };
		B4D8A41A2876A13A005E9A37 /* Queue.swift */ = {isa = PBXFileReference; fileEncoding = 4; lastKnownFileType = sourcecode.swift; path = Queue.swift; sourceTree = "<group>"; };
		B4D8A41B2876A13A005E9A37 /* NSImage+Alpha.swift */ = {isa = PBXFileReference; fileEncoding = 4; lastKnownFileType = sourcecode.swift; path = "NSImage+Alpha.swift"; sourceTree = "<group>"; };
		B4D8A41C2876A13A005E9A37 /* CGImage+Expand.swift */ = {isa = PBXFileReference; fileEncoding = 4; lastKnownFileType = sourcecode.swift; path = "CGImage+Expand.swift"; sourceTree = "<group>"; };
		B4D8A41D2876A13A005E9A37 /* bicubic.metal */ = {isa = PBXFileReference; fileEncoding = 4; lastKnownFileType = sourcecode.metal; path = bicubic.metal; sourceTree = "<group>"; };
		B4D8A41E2876A13A005E9A37 /* Calculation.metal */ = {isa = PBXFileReference; fileEncoding = 4; lastKnownFileType = sourcecode.metal; path = Calculation.metal; sourceTree = "<group>"; };
		B4D8A41F2876A13A005E9A37 /* Info.plist */ = {isa = PBXFileReference; fileEncoding = 4; lastKnownFileType = text.plist.xml; path = Info.plist; sourceTree = "<group>"; };
		B4D8A4202876A13A005E9A37 /* NSImage+Bicubic.swift */ = {isa = PBXFileReference; fileEncoding = 4; lastKnownFileType = sourcecode.swift; path = "NSImage+Bicubic.swift"; sourceTree = "<group>"; };
		B4D8A4212876A13A005E9A37 /* MetalBicubic.swift */ = {isa = PBXFileReference; fileEncoding = 4; lastKnownFileType = sourcecode.swift; path = MetalBicubic.swift; sourceTree = "<group>"; };
		B4D8A4222876A13A005E9A37 /* Model_Caffe.swift */ = {isa = PBXFileReference; fileEncoding = 4; lastKnownFileType = sourcecode.swift; path = Model_Caffe.swift; sourceTree = "<group>"; };
		B4D8A4232876A13A005E9A37 /* ModelCoordinator.swift */ = {isa = PBXFileReference; fileEncoding = 4; lastKnownFileType = sourcecode.swift; path = ModelCoordinator.swift; sourceTree = "<group>"; };
		B4D8A4252876A13A005E9A37 /* InstalledModels.swift */ = {isa = PBXFileReference; fileEncoding = 4; lastKnownFileType = sourcecode.swift; path = InstalledModels.swift; sourceTree = "<group>"; };
		B4D8A4262876A13A005E9A37 /* ModelDataProvider.swift */ = {isa = PBXFileReference; fileEncoding = 4; lastKnownFileType = sourcecode.swift; path = ModelDataProvider.swift; sourceTree = "<group>"; };
		B4D8A4282876A13A005E9A37 /* icon.icns */ = {isa = PBXFileReference; lastKnownFileType = image.icns; path = icon.icns; sourceTree = "<group>"; };
		B4D8A42A2876A13A005E9A37 /* WorkItem.swift */ = {isa = PBXFileReference; fileEncoding = 4; lastKnownFileType = sourcecode.swift; path = WorkItem.swift; sourceTree = "<group>"; };
		B4D8A42B2876A13A005E9A37 /* MainModel.swift */ = {isa = PBXFileReference; fileEncoding = 4; lastKnownFileType = sourcecode.swift; path = MainModel.swift; sourceTree = "<group>"; };
		B4D8A45E2876A170005E9A37 /* realsr-ncnn-vulkan */ = {isa = PBXFileReference; lastKnownFileType = folder; path = "realsr-ncnn-vulkan"; sourceTree = "<group>"; };
		B4D8A45F2876A171005E9A37 /* realcugan-ncnn-vulkan */ = {isa = PBXFileReference; lastKnownFileType = folder; path = "realcugan-ncnn-vulkan"; sourceTree = "<group>"; };
		B4D8A4602876A173005E9A37 /* realesrgan-ncnn-vulkan */ = {isa = PBXFileReference; lastKnownFileType = folder; path = "realesrgan-ncnn-vulkan"; sourceTree = "<group>"; };
		B4E96BC527EF6CFD00A2D4B1 /* ModelManager.swift */ = {isa = PBXFileReference; lastKnownFileType = sourcecode.swift; path = ModelManager.swift; sourceTree = "<group>"; };
		B4F1F3732876AB5F00D6851F /* BiasRecorder.swift */ = {isa = PBXFileReference; lastKnownFileType = sourcecode.swift; path = BiasRecorder.swift; sourceTree = "<group>"; };
		B4F1F3792876B8E700D6851F /* en */ = {isa = PBXFileReference; lastKnownFileType = text.plist.strings; name = en; path = en.lproj/Localizable.strings; sourceTree = "<group>"; };
		B4F1F37B2876B8EA00D6851F /* zh-Hans */ = {isa = PBXFileReference; lastKnownFileType = text.plist.strings; name = "zh-Hans"; path = "zh-Hans.lproj/Localizable.strings"; sourceTree = "<group>"; };
/* End PBXFileReference section */

/* Begin PBXFrameworksBuildPhase section */
		B41C4735274AA7850024ECB7 /* Frameworks */ = {
			isa = PBXFrameworksBuildPhase;
			buildActionMask = 2147483647;
			files = (
				B464DB2B285A446700127992 /* Support in Frameworks */,
			);
			runOnlyForDeploymentPostprocessing = 0;
		};
/* End PBXFrameworksBuildPhase section */

/* Begin PBXGroup section */
		B41C472F274AA7850024ECB7 = {
			isa = PBXGroup;
			children = (
				B41C473A274AA7850024ECB7 /* waifuExtension */,
				B46F2AE6275DAFFE002D01CB /* Assets */,
				B41C4739274AA7850024ECB7 /* Products */,
				B446F51028223B1500FF42D6 /* Frameworks */,
			);
			sourceTree = "<group>";
		};
		B41C4739274AA7850024ECB7 /* Products */ = {
			isa = PBXGroup;
			children = (
				B41C4738274AA7850024ECB7 /* waifuExtension.app */,
			);
			name = Products;
			sourceTree = "<group>";
		};
		B41C473A274AA7850024ECB7 /* waifuExtension */ = {
			isa = PBXGroup;
			children = (
				B4B406E3275D105F00E2078D /* Main */,
				B4F1F3722876AB5000D6851F /* Developer Support */,
				B4D8A3EC2876A13A005E9A37 /* WaifuExtensionCore */,
				B4B406E2275D104400E2078D /* Assets */,
			);
			path = waifuExtension;
			sourceTree = "<group>";
		};
		B41C4741274AA7850024ECB7 /* Preview Content */ = {
			isa = PBXGroup;
			children = (
				B41C4742274AA7850024ECB7 /* Preview Assets.xcassets */,
			);
			path = "Preview Content";
			sourceTree = "<group>";
		};
		B446F51028223B1500FF42D6 /* Frameworks */ = {
			isa = PBXGroup;
			children = (
				B446F51128223B1600FF42D6 /* DataBase */,
			);
			name = Frameworks;
			sourceTree = "<group>";
		};
		B46F2AE6275DAFFE002D01CB /* Assets */ = {
			isa = PBXGroup;
			children = (
				B41527FA27555EC80051CE81 /* README.md */,
				B41527FC27555ECF0051CE81 /* LICENSE */,
			);
			name = Assets;
			sourceTree = "<group>";
		};
		B4854E2B2876C6FC00B783C1 /* Local */ = {
			isa = PBXGroup;
			children = (
				B4F1F37A2876B8E700D6851F /* Localizable.strings */,
			);
			path = Local;
			sourceTree = "<group>";
		};
		B48748D428563CA800ECD00E /* Configuration */ = {
			isa = PBXGroup;
			children = (
				B48748D528563CC200ECD00E /* ContainerView.swift */,
				B445F6FF27585906004BAE04 /* ConfigurationView.swift */,
				B4E96BC527EF6CFD00A2D4B1 /* ModelManager.swift */,
				B4B8B8472879FF2000585DA5 /* ProcessConfig.swift */,
			);
			path = Configuration;
			sourceTree = "<group>";
		};
		B4953AFB28224694003F7257 /* Views */ = {
			isa = PBXGroup;
			children = (
				B41C473D274AA7850024ECB7 /* ContentView.swift */,
				B4953AFE28224708003F7257 /* GridView.swift */,
				B4953B0028224757003F7257 /* ModelView.swift */,
				B4953B022822478D003F7257 /* ProcessingView.swift */,
				B48748D428563CA800ECD00E /* Configuration */,
			);
			path = Views;
			sourceTree = "<group>";
		};
		B4B406E2275D104400E2078D /* Assets */ = {
			isa = PBXGroup;
			children = (
				B4854E2B2876C6FC00B783C1 /* Local */,
				B41C473F274AA7850024ECB7 /* Assets.xcassets */,
				B41C4744274AA7850024ECB7 /* waifuExtension.entitlements */,
				B41C4741274AA7850024ECB7 /* Preview Content */,
			);
			name = Assets;
			sourceTree = "<group>";
		};
		B4B406E3275D105F00E2078D /* Main */ = {
			isa = PBXGroup;
			children = (
				B41C473B274AA7850024ECB7 /* waifuExtensionApp.swift */,
				B4953AFB28224694003F7257 /* Views */,
			);
			path = Main;
			sourceTree = "<group>";
		};
		B4D8A3EC2876A13A005E9A37 /* WaifuExtensionCore */ = {
			isa = PBXGroup;
			children = (
				B4D8A3ED2876A13A005E9A37 /* Supports */,
				B4D8A3EF2876A13A005E9A37 /* Models */,
				B4D8A4272876A13A005E9A37 /* Assets */,
				B4D8A4292876A13A005E9A37 /* WorkItem */,
			);
			path = WaifuExtensionCore;
			sourceTree = "<group>";
		};
		B4D8A3ED2876A13A005E9A37 /* Supports */ = {
			isa = PBXGroup;
			children = (
				B4D8A3EE2876A13A005E9A37 /* Process Supports.swift */,
			);
			path = Supports;
			sourceTree = "<group>";
		};
		B4D8A3EF2876A13A005E9A37 /* Models */ = {
			isa = PBXGroup;
			children = (
				B4D8A3F02876A13A005E9A37 /* Waifu2x */,
				B4D8A4232876A13A005E9A37 /* ModelCoordinator.swift */,
				B4D8A4242876A13A005E9A37 /* InstalledModels */,
			);
			path = Models;
			sourceTree = "<group>";
		};
		B4D8A3F02876A13A005E9A37 /* Waifu2x */ = {
			isa = PBXGroup;
			children = (
				B4D8A3F12876A13A005E9A37 /* Waifu2x Models */,
				B4D8A4112876A13A005E9A37 /* Waifu2x Core */,
				B4D8A4222876A13A005E9A37 /* Model_Caffe.swift */,
			);
			path = Waifu2x;
			sourceTree = "<group>";
		};
		B4D8A3F12876A13A005E9A37 /* Waifu2x Models */ = {
			isa = PBXGroup;
			children = (
				B4D8A3F22876A13A005E9A37 /* upconv_7_anime_style_art_rgb */,
				B4D8A3F82876A13A005E9A37 /* upconv_7_photo */,
				B4D8A3FE2876A13A005E9A37 /* ukbench */,
				B4D8A4002876A13A005E9A37 /* anime_style_art */,
				B4D8A4052876A13A005E9A37 /* photo */,
				B4D8A40B2876A13A005E9A37 /* anime_style_art_rgb */,
			);
			path = "Waifu2x Models";
			sourceTree = "<group>";
		};
		B4D8A3F22876A13A005E9A37 /* upconv_7_anime_style_art_rgb */ = {
			isa = PBXGroup;
			children = (
				B4D8A3F32876A13A005E9A37 /* upconv_7_anime_style_art_rgb_noise3_scale2.mlpackage */,
				B4D8A3F42876A13A005E9A37 /* upconv_7_anime_style_art_rgb_noise2_scale2.mlpackage */,
				B4D8A3F52876A13A005E9A37 /* upconv_7_anime_style_art_rgb_noise1_scale2.mlpackage */,
				B4D8A3F62876A13A005E9A37 /* upconv_7_anime_style_art_rgb_scale2.mlpackage */,
				B4D8A3F72876A13A005E9A37 /* upconv_7_anime_style_art_rgb_noise0_scale2.mlpackage */,
			);
			path = upconv_7_anime_style_art_rgb;
			sourceTree = "<group>";
		};
		B4D8A3F82876A13A005E9A37 /* upconv_7_photo */ = {
			isa = PBXGroup;
			children = (
				B4D8A3F92876A13A005E9A37 /* upconv_7_photo_noise3_scale2.mlpackage */,
				B4D8A3FA2876A13A005E9A37 /* upconv_7_photo_noise2_scale2.mlpackage */,
				B4D8A3FB2876A13A005E9A37 /* upconv_7_photo_scale2.mlpackage */,
				B4D8A3FC2876A13A005E9A37 /* upconv_7_photo_noise1_scale2.mlpackage */,
				B4D8A3FD2876A13A005E9A37 /* upconv_7_photo_noise0_scale2.mlpackage */,
			);
			path = upconv_7_photo;
			sourceTree = "<group>";
		};
		B4D8A3FE2876A13A005E9A37 /* ukbench */ = {
			isa = PBXGroup;
			children = (
				B4D8A3FF2876A13A005E9A37 /* ukbench_scale2.mlpackage */,
			);
			path = ukbench;
			sourceTree = "<group>";
		};
		B4D8A4002876A13A005E9A37 /* anime_style_art */ = {
			isa = PBXGroup;
			children = (
				B4D8A4012876A13A005E9A37 /* anime_style_art_scale2.mlpackage */,
				B4D8A4022876A13A005E9A37 /* anime_style_art_noise2_model.mlpackage */,
				B4D8A4032876A13A005E9A37 /* anime_style_art_noise3_model.mlpackage */,
				B4D8A4042876A13A005E9A37 /* anime_style_art_noise1_model.mlpackage */,
			);
			path = anime_style_art;
			sourceTree = "<group>";
		};
		B4D8A4052876A13A005E9A37 /* photo */ = {
			isa = PBXGroup;
			children = (
				B4D8A4062876A13A005E9A37 /* photo_noise2_model.mlpackage */,
				B4D8A4072876A13A005E9A37 /* photo_noise3_model.mlpackage */,
				B4D8A4082876A13A005E9A37 /* photo_noise1_model.mlpackage */,
				B4D8A4092876A13A005E9A37 /* photo_scale2.mlpackage */,
				B4D8A40A2876A13A005E9A37 /* photo_noise0_model.mlpackage */,
			);
			path = photo;
			sourceTree = "<group>";
		};
		B4D8A40B2876A13A005E9A37 /* anime_style_art_rgb */ = {
			isa = PBXGroup;
			children = (
				B4D8A40C2876A13A005E9A37 /* anime_style_art_rgb_noise3_model.mlpackage */,
				B4D8A40D2876A13A005E9A37 /* anime_style_art_rgb_noise2_model.mlpackage */,
				B4D8A40E2876A13A005E9A37 /* anime_style_art_rgb_scale2.mlpackage */,
				B4D8A40F2876A13A005E9A37 /* anime_style_art_rgb_noise0_model.mlpackage */,
				B4D8A4102876A13A005E9A37 /* anime_style_art_rgb_noise1_model.mlpackage */,
			);
			path = anime_style_art_rgb;
			sourceTree = "<group>";
		};
		B4D8A4112876A13A005E9A37 /* Waifu2x Core */ = {
			isa = PBXGroup;
			children = (
				B4D8A4122876A13A005E9A37 /* BackgroundPipeline.swift */,
				B4D8A4132876A13A005E9A37 /* MLModel+Prediction.swift */,
				B4D8A4152876A13A005E9A37 /* CGImage+Crop.swift */,
				B4D8A4162876A13A005E9A37 /* Bicubic.swift */,
				B4D8A4172876A13A005E9A37 /* Waifu2x.swift */,
				B4D8A4182876A13A005E9A37 /* BackgroundTask.swift */,
				B4D8A4192876A13A005E9A37 /* NSImage+Crop.swift */,
				B4D8A41A2876A13A005E9A37 /* Queue.swift */,
				B4D8A41B2876A13A005E9A37 /* NSImage+Alpha.swift */,
				B4D8A41C2876A13A005E9A37 /* CGImage+Expand.swift */,
				B4D8A41D2876A13A005E9A37 /* bicubic.metal */,
				B4D8A41E2876A13A005E9A37 /* Calculation.metal */,
				B4D8A41F2876A13A005E9A37 /* Info.plist */,
				B4D8A4202876A13A005E9A37 /* NSImage+Bicubic.swift */,
				B4D8A4212876A13A005E9A37 /* MetalBicubic.swift */,
			);
			path = "Waifu2x Core";
			sourceTree = "<group>";
		};
		B4D8A4242876A13A005E9A37 /* InstalledModels */ = {
			isa = PBXGroup;
			children = (
				B4D8A45D2876A160005E9A37 /* InstalledModels Models */,
				B4D8A4252876A13A005E9A37 /* InstalledModels.swift */,
				B4D8A4262876A13A005E9A37 /* ModelDataProvider.swift */,
			);
			path = InstalledModels;
			sourceTree = "<group>";
		};
		B4D8A4272876A13A005E9A37 /* Assets */ = {
			isa = PBXGroup;
			children = (
				B4D8A4282876A13A005E9A37 /* icon.icns */,
			);
			path = Assets;
			sourceTree = "<group>";
		};
		B4D8A4292876A13A005E9A37 /* WorkItem */ = {
			isa = PBXGroup;
			children = (
				B4D8A42A2876A13A005E9A37 /* WorkItem.swift */,
				B4D8A42B2876A13A005E9A37 /* MainModel.swift */,
			);
			path = WorkItem;
			sourceTree = "<group>";
		};
		B4D8A45D2876A160005E9A37 /* InstalledModels Models */ = {
			isa = PBXGroup;
			children = (
				B4D8A45F2876A171005E9A37 /* realcugan-ncnn-vulkan */,
				B4D8A4602876A173005E9A37 /* realesrgan-ncnn-vulkan */,
				B4D8A45E2876A170005E9A37 /* realsr-ncnn-vulkan */,
			);
			path = "InstalledModels Models";
			sourceTree = "<group>";
		};
		B4F1F3722876AB5000D6851F /* Developer Support */ = {
			isa = PBXGroup;
			children = (
				B4F1F3732876AB5F00D6851F /* BiasRecorder.swift */,
			);
			path = "Developer Support";
			sourceTree = "<group>";
		};
/* End PBXGroup section */

/* Begin PBXNativeTarget section */
		B41C4737274AA7850024ECB7 /* waifuExtension */ = {
			isa = PBXNativeTarget;
			buildConfigurationList = B41C4747274AA7850024ECB7 /* Build configuration list for PBXNativeTarget "waifuExtension" */;
			buildPhases = (
				B41C4734274AA7850024ECB7 /* Sources */,
				B41C4735274AA7850024ECB7 /* Frameworks */,
				B41C4736274AA7850024ECB7 /* Resources */,
			);
			buildRules = (
			);
			dependencies = (
			);
			name = waifuExtension;
			packageProductDependencies = (
				B464DB2A285A446700127992 /* Support */,
			);
			productName = waifuExtension;
			productReference = B41C4738274AA7850024ECB7 /* waifuExtension.app */;
			productType = "com.apple.product-type.application";
		};
/* End PBXNativeTarget section */

/* Begin PBXProject section */
		B41C4730274AA7850024ECB7 /* Project object */ = {
			isa = PBXProject;
			attributes = {
				BuildIndependentTargetsInParallel = 1;
				LastSwiftUpdateCheck = 1310;
				LastUpgradeCheck = 1400;
				TargetAttributes = {
					B41C4737274AA7850024ECB7 = {
						CreatedOnToolsVersion = 13.1;
					};
				};
			};
			buildConfigurationList = B41C4733274AA7850024ECB7 /* Build configuration list for PBXProject "waifuExtension" */;
			compatibilityVersion = "Xcode 13.0";
			developmentRegion = en;
			hasScannedForEncodings = 0;
			knownRegions = (
				en,
				Base,
				"zh-Hans",
				"zh-Hant",
			);
			mainGroup = B41C472F274AA7850024ECB7;
			productRefGroup = B41C4739274AA7850024ECB7 /* Products */;
			projectDirPath = "";
			projectRoot = "";
			targets = (
				B41C4737274AA7850024ECB7 /* waifuExtension */,
			);
		};
/* End PBXProject section */

/* Begin PBXResourcesBuildPhase section */
		B41C4736274AA7850024ECB7 /* Resources */ = {
			isa = PBXResourcesBuildPhase;
			buildActionMask = 2147483647;
			files = (
				B41C4743274AA7850024ECB7 /* Preview Assets.xcassets in Resources */,
				B4D8A4632876A173005E9A37 /* realesrgan-ncnn-vulkan in Resources */,
				B41C4740274AA7850024ECB7 /* Assets.xcassets in Resources */,
				B41527FB27555EC80051CE81 /* README.md in Resources */,
				B4D8A4532876A13A005E9A37 /* Info.plist in Resources */,
				B4F1F3782876B8E700D6851F /* Localizable.strings in Resources */,
				B4D8A4612876A173005E9A37 /* realsr-ncnn-vulkan in Resources */,
				B41527FD27555ECF0051CE81 /* LICENSE in Resources */,
				B4D8A45A2876A13A005E9A37 /* icon.icns in Resources */,
				B4D8A4622876A173005E9A37 /* realcugan-ncnn-vulkan in Resources */,
			);
			runOnlyForDeploymentPostprocessing = 0;
		};
/* End PBXResourcesBuildPhase section */

/* Begin PBXSourcesBuildPhase section */
		B41C4734274AA7850024ECB7 /* Sources */ = {
			isa = PBXSourcesBuildPhase;
			buildActionMask = 2147483647;
			files = (
				B4D8A4392876A13A005E9A37 /* anime_style_art_noise2_model.mlpackage in Sources */,
				B4D8A4592876A13A005E9A37 /* ModelDataProvider.swift in Sources */,
				B4D8A4562876A13A005E9A37 /* Model_Caffe.swift in Sources */,
				B4D8A4322876A13A005E9A37 /* upconv_7_photo_noise3_scale2.mlpackage in Sources */,
				B48748D628563CC200ECD00E /* ContainerView.swift in Sources */,
				B4F1F3742876AB5F00D6851F /* BiasRecorder.swift in Sources */,
				B4D8A43A2876A13A005E9A37 /* anime_style_art_noise3_model.mlpackage in Sources */,
				B4D8A44D2876A13A005E9A37 /* NSImage+Crop.swift in Sources */,
				B4E96BC627EF6CFD00A2D4B1 /* ModelManager.swift in Sources */,
				B445F70027585906004BAE04 /* ConfigurationView.swift in Sources */,
				B4D8A4572876A13A005E9A37 /* ModelCoordinator.swift in Sources */,
				B4D8A4522876A13A005E9A37 /* Calculation.metal in Sources */,
				B4D8A4552876A13A005E9A37 /* MetalBicubic.swift in Sources */,
				B4D8A42F2876A13A005E9A37 /* upconv_7_anime_style_art_rgb_noise1_scale2.mlpackage in Sources */,
				B4D8A44C2876A13A005E9A37 /* BackgroundTask.swift in Sources */,
				B4D8A44B2876A13A005E9A37 /* Waifu2x.swift in Sources */,
				B4D8A4342876A13A005E9A37 /* upconv_7_photo_scale2.mlpackage in Sources */,
				B4D8A4362876A13A005E9A37 /* upconv_7_photo_noise0_scale2.mlpackage in Sources */,
				B4953B032822478D003F7257 /* ProcessingView.swift in Sources */,
				B4953AFF28224708003F7257 /* GridView.swift in Sources */,
				B4B8B8482879FF2000585DA5 /* ProcessConfig.swift in Sources */,
				B4D8A4512876A13A005E9A37 /* bicubic.metal in Sources */,
				B4D8A4312876A13A005E9A37 /* upconv_7_anime_style_art_rgb_noise0_scale2.mlpackage in Sources */,
				B4D8A4502876A13A005E9A37 /* CGImage+Expand.swift in Sources */,
				B4D8A42E2876A13A005E9A37 /* upconv_7_anime_style_art_rgb_noise2_scale2.mlpackage in Sources */,
				B4D8A4432876A13A005E9A37 /* anime_style_art_rgb_scale2.mlpackage in Sources */,
				B4D8A4422876A13A005E9A37 /* anime_style_art_rgb_noise2_model.mlpackage in Sources */,
				B4D8A4452876A13A005E9A37 /* anime_style_art_rgb_noise1_model.mlpackage in Sources */,
				B4D8A43B2876A13A005E9A37 /* anime_style_art_noise1_model.mlpackage in Sources */,
				B4D8A44A2876A13A005E9A37 /* Bicubic.swift in Sources */,
				B4D8A4332876A13A005E9A37 /* upconv_7_photo_noise2_scale2.mlpackage in Sources */,
				B4D8A43D2876A13A005E9A37 /* photo_noise3_model.mlpackage in Sources */,
				B4D8A44E2876A13A005E9A37 /* Queue.swift in Sources */,
				B4D8A42C2876A13A005E9A37 /* Process Supports.swift in Sources */,
				B4D8A44F2876A13A005E9A37 /* NSImage+Alpha.swift in Sources */,
				B4D8A4462876A13A005E9A37 /* BackgroundPipeline.swift in Sources */,
				B4D8A4402876A13A005E9A37 /* photo_noise0_model.mlpackage in Sources */,
				B4D8A43C2876A13A005E9A37 /* photo_noise2_model.mlpackage in Sources */,
				B4D8A4492876A13A005E9A37 /* CGImage+Crop.swift in Sources */,
				B4D8A4352876A13A005E9A37 /* upconv_7_photo_noise1_scale2.mlpackage in Sources */,
				B41C473E274AA7850024ECB7 /* ContentView.swift in Sources */,
				B4D8A4412876A13A005E9A37 /* anime_style_art_rgb_noise3_model.mlpackage in Sources */,
				B4D8A4542876A13A005E9A37 /* NSImage+Bicubic.swift in Sources */,
				B4D8A45B2876A13A005E9A37 /* WorkItem.swift in Sources */,
				B4D8A45C2876A13A005E9A37 /* MainModel.swift in Sources */,
				B4D8A4582876A13A005E9A37 /* InstalledModels.swift in Sources */,
				B41C473C274AA7850024ECB7 /* waifuExtensionApp.swift in Sources */,
				B4D8A4472876A13A005E9A37 /* MLModel+Prediction.swift in Sources */,
				B4D8A4302876A13A005E9A37 /* upconv_7_anime_style_art_rgb_scale2.mlpackage in Sources */,
				B4D8A4442876A13A005E9A37 /* anime_style_art_rgb_noise0_model.mlpackage in Sources */,
				B4D8A42D2876A13A005E9A37 /* upconv_7_anime_style_art_rgb_noise3_scale2.mlpackage in Sources */,
				B4D8A4372876A13A005E9A37 /* ukbench_scale2.mlpackage in Sources */,
				B4D8A4382876A13A005E9A37 /* anime_style_art_scale2.mlpackage in Sources */,
				B4D8A43E2876A13A005E9A37 /* photo_noise1_model.mlpackage in Sources */,
				B4D8A43F2876A13A005E9A37 /* photo_scale2.mlpackage in Sources */,
				B4953B0128224757003F7257 /* ModelView.swift in Sources */,
			);
			runOnlyForDeploymentPostprocessing = 0;
		};
/* End PBXSourcesBuildPhase section */

/* Begin PBXVariantGroup section */
		B4F1F37A2876B8E700D6851F /* Localizable.strings */ = {
			isa = PBXVariantGroup;
			children = (
				B4F1F3792876B8E700D6851F /* en */,
				B4F1F37B2876B8EA00D6851F /* zh-Hans */,
				B40CF97A2876CBD400376992 /* zh-Hant */,
			);
			name = Localizable.strings;
			sourceTree = "<group>";
		};
/* End PBXVariantGroup section */

/* Begin XCBuildConfiguration section */
		B41C4745274AA7850024ECB7 /* Debug */ = {
			isa = XCBuildConfiguration;
			buildSettings = {
				ALWAYS_SEARCH_USER_PATHS = NO;
				CLANG_ANALYZER_NONNULL = YES;
				CLANG_ANALYZER_NUMBER_OBJECT_CONVERSION = YES_AGGRESSIVE;
				CLANG_CXX_LANGUAGE_STANDARD = "gnu++17";
				CLANG_CXX_LIBRARY = "libc++";
				CLANG_ENABLE_MODULES = YES;
				CLANG_ENABLE_OBJC_ARC = YES;
				CLANG_ENABLE_OBJC_WEAK = YES;
				CLANG_WARN_BLOCK_CAPTURE_AUTORELEASING = YES;
				CLANG_WARN_BOOL_CONVERSION = YES;
				CLANG_WARN_COMMA = YES;
				CLANG_WARN_CONSTANT_CONVERSION = YES;
				CLANG_WARN_DEPRECATED_OBJC_IMPLEMENTATIONS = YES;
				CLANG_WARN_DIRECT_OBJC_ISA_USAGE = YES_ERROR;
				CLANG_WARN_DOCUMENTATION_COMMENTS = YES;
				CLANG_WARN_EMPTY_BODY = YES;
				CLANG_WARN_ENUM_CONVERSION = YES;
				CLANG_WARN_INFINITE_RECURSION = YES;
				CLANG_WARN_INT_CONVERSION = YES;
				CLANG_WARN_NON_LITERAL_NULL_CONVERSION = YES;
				CLANG_WARN_OBJC_IMPLICIT_RETAIN_SELF = YES;
				CLANG_WARN_OBJC_LITERAL_CONVERSION = YES;
				CLANG_WARN_OBJC_ROOT_CLASS = YES_ERROR;
				CLANG_WARN_QUOTED_INCLUDE_IN_FRAMEWORK_HEADER = YES;
				CLANG_WARN_RANGE_LOOP_ANALYSIS = YES;
				CLANG_WARN_STRICT_PROTOTYPES = YES;
				CLANG_WARN_SUSPICIOUS_MOVE = YES;
				CLANG_WARN_UNGUARDED_AVAILABILITY = YES_AGGRESSIVE;
				CLANG_WARN_UNREACHABLE_CODE = YES;
				CLANG_WARN__DUPLICATE_METHOD_MATCH = YES;
				COPY_PHASE_STRIP = NO;
				DEAD_CODE_STRIPPING = YES;
				DEBUG_INFORMATION_FORMAT = dwarf;
				ENABLE_STRICT_OBJC_MSGSEND = YES;
				ENABLE_TESTABILITY = YES;
				GCC_C_LANGUAGE_STANDARD = gnu11;
				GCC_DYNAMIC_NO_PIC = NO;
				GCC_NO_COMMON_BLOCKS = YES;
				GCC_OPTIMIZATION_LEVEL = 0;
				GCC_PREPROCESSOR_DEFINITIONS = (
					"DEBUG=1",
					"$(inherited)",
				);
				GCC_WARN_64_TO_32_BIT_CONVERSION = YES;
				GCC_WARN_ABOUT_RETURN_TYPE = YES_ERROR;
				GCC_WARN_UNDECLARED_SELECTOR = YES;
				GCC_WARN_UNINITIALIZED_AUTOS = YES_AGGRESSIVE;
				GCC_WARN_UNUSED_FUNCTION = YES;
				GCC_WARN_UNUSED_VARIABLE = YES;
				MACOSX_DEPLOYMENT_TARGET = 12.0;
				MTL_ENABLE_DEBUG_INFO = INCLUDE_SOURCE;
				MTL_FAST_MATH = YES;
				ONLY_ACTIVE_ARCH = YES;
				SDKROOT = macosx;
				SWIFT_ACTIVE_COMPILATION_CONDITIONS = DEBUG;
				SWIFT_OPTIMIZATION_LEVEL = "-Onone";
			};
			name = Debug;
		};
		B41C4746274AA7850024ECB7 /* Release */ = {
			isa = XCBuildConfiguration;
			buildSettings = {
				ALWAYS_SEARCH_USER_PATHS = NO;
				CLANG_ANALYZER_NONNULL = YES;
				CLANG_ANALYZER_NUMBER_OBJECT_CONVERSION = YES_AGGRESSIVE;
				CLANG_CXX_LANGUAGE_STANDARD = "gnu++17";
				CLANG_CXX_LIBRARY = "libc++";
				CLANG_ENABLE_MODULES = YES;
				CLANG_ENABLE_OBJC_ARC = YES;
				CLANG_ENABLE_OBJC_WEAK = YES;
				CLANG_WARN_BLOCK_CAPTURE_AUTORELEASING = YES;
				CLANG_WARN_BOOL_CONVERSION = YES;
				CLANG_WARN_COMMA = YES;
				CLANG_WARN_CONSTANT_CONVERSION = YES;
				CLANG_WARN_DEPRECATED_OBJC_IMPLEMENTATIONS = YES;
				CLANG_WARN_DIRECT_OBJC_ISA_USAGE = YES_ERROR;
				CLANG_WARN_DOCUMENTATION_COMMENTS = YES;
				CLANG_WARN_EMPTY_BODY = YES;
				CLANG_WARN_ENUM_CONVERSION = YES;
				CLANG_WARN_INFINITE_RECURSION = YES;
				CLANG_WARN_INT_CONVERSION = YES;
				CLANG_WARN_NON_LITERAL_NULL_CONVERSION = YES;
				CLANG_WARN_OBJC_IMPLICIT_RETAIN_SELF = YES;
				CLANG_WARN_OBJC_LITERAL_CONVERSION = YES;
				CLANG_WARN_OBJC_ROOT_CLASS = YES_ERROR;
				CLANG_WARN_QUOTED_INCLUDE_IN_FRAMEWORK_HEADER = YES;
				CLANG_WARN_RANGE_LOOP_ANALYSIS = YES;
				CLANG_WARN_STRICT_PROTOTYPES = YES;
				CLANG_WARN_SUSPICIOUS_MOVE = YES;
				CLANG_WARN_UNGUARDED_AVAILABILITY = YES_AGGRESSIVE;
				CLANG_WARN_UNREACHABLE_CODE = YES;
				CLANG_WARN__DUPLICATE_METHOD_MATCH = YES;
				COPY_PHASE_STRIP = NO;
				DEAD_CODE_STRIPPING = YES;
				DEBUG_INFORMATION_FORMAT = "dwarf-with-dsym";
				ENABLE_NS_ASSERTIONS = NO;
				ENABLE_STRICT_OBJC_MSGSEND = YES;
				GCC_C_LANGUAGE_STANDARD = gnu11;
				GCC_NO_COMMON_BLOCKS = YES;
				GCC_OPTIMIZATION_LEVEL = 3;
				GCC_WARN_64_TO_32_BIT_CONVERSION = YES;
				GCC_WARN_ABOUT_RETURN_TYPE = YES_ERROR;
				GCC_WARN_UNDECLARED_SELECTOR = YES;
				GCC_WARN_UNINITIALIZED_AUTOS = YES_AGGRESSIVE;
				GCC_WARN_UNUSED_FUNCTION = YES;
				GCC_WARN_UNUSED_VARIABLE = YES;
				MACOSX_DEPLOYMENT_TARGET = 12.0;
				MTL_ENABLE_DEBUG_INFO = NO;
				MTL_FAST_MATH = YES;
				SDKROOT = macosx;
				SWIFT_COMPILATION_MODE = wholemodule;
				SWIFT_OPTIMIZATION_LEVEL = "-O";
			};
			name = Release;
		};
		B41C4748274AA7850024ECB7 /* Debug */ = {
			isa = XCBuildConfiguration;
			buildSettings = {
				ASSETCATALOG_COMPILER_APPICON_NAME = AppIcon;
				ASSETCATALOG_COMPILER_GLOBAL_ACCENT_COLOR_NAME = AccentColor;
				ASSETCATALOG_COMPILER_INCLUDE_ALL_APPICON_ASSETS = YES;
				CODE_SIGN_ENTITLEMENTS = waifuExtension/waifuExtension.entitlements;
				CODE_SIGN_IDENTITY = "Apple Development";
				CODE_SIGN_STYLE = Automatic;
				COMBINE_HIDPI_IMAGES = YES;
				CURRENT_PROJECT_VERSION = "5.0 Beta 7";
				DEAD_CODE_STRIPPING = YES;
				DEVELOPMENT_ASSET_PATHS = "\"waifuExtension/Preview Content\"";
				DEVELOPMENT_TEAM = UJK52W4D7G;
				ENABLE_HARDENED_RUNTIME = NO;
				ENABLE_PREVIEWS = YES;
				GENERATE_INFOPLIST_FILE = YES;
				INFOPLIST_KEY_LSApplicationCategoryType = "public.app-category.utilities";
				INFOPLIST_KEY_NSHumanReadableCopyright = "© Vaida";
				LD_RUNPATH_SEARCH_PATHS = (
					"$(inherited)",
					"@executable_path/../Frameworks",
				);
				MACOSX_DEPLOYMENT_TARGET = 12.0;
				MARKETING_VERSION = "5.0 Beta 7";
				PRODUCT_BUNDLE_IDENTIFIER = com.Vaida.waifuExtension;
				PRODUCT_NAME = "$(TARGET_NAME)";
				SWIFT_EMIT_LOC_STRINGS = YES;
				SWIFT_VERSION = 5.0;
			};
			name = Debug;
		};
		B41C4749274AA7850024ECB7 /* Release */ = {
			isa = XCBuildConfiguration;
			buildSettings = {
				ASSETCATALOG_COMPILER_APPICON_NAME = AppIcon;
				ASSETCATALOG_COMPILER_GLOBAL_ACCENT_COLOR_NAME = AccentColor;
				ASSETCATALOG_COMPILER_INCLUDE_ALL_APPICON_ASSETS = YES;
				CODE_SIGN_ENTITLEMENTS = waifuExtension/waifuExtension.entitlements;
				CODE_SIGN_IDENTITY = "Apple Development";
				CODE_SIGN_STYLE = Automatic;
				COMBINE_HIDPI_IMAGES = YES;
				CURRENT_PROJECT_VERSION = "5.0 Beta 7";
				DEAD_CODE_STRIPPING = YES;
				DEVELOPMENT_ASSET_PATHS = "\"waifuExtension/Preview Content\"";
				DEVELOPMENT_TEAM = UJK52W4D7G;
				ENABLE_HARDENED_RUNTIME = NO;
				ENABLE_PREVIEWS = YES;
				GENERATE_INFOPLIST_FILE = YES;
				INFOPLIST_KEY_LSApplicationCategoryType = "public.app-category.utilities";
				INFOPLIST_KEY_NSHumanReadableCopyright = "© Vaida";
				LD_RUNPATH_SEARCH_PATHS = (
					"$(inherited)",
					"@executable_path/../Frameworks",
				);
				MACOSX_DEPLOYMENT_TARGET = 12.0;
				MARKETING_VERSION = "5.0 Beta 7";
				PRODUCT_BUNDLE_IDENTIFIER = com.Vaida.waifuExtension;
				PRODUCT_NAME = "$(TARGET_NAME)";
				SWIFT_EMIT_LOC_STRINGS = YES;
				SWIFT_VERSION = 5.0;
			};
			name = Release;
		};
/* End XCBuildConfiguration section */

/* Begin XCConfigurationList section */
		B41C4733274AA7850024ECB7 /* Build configuration list for PBXProject "waifuExtension" */ = {
			isa = XCConfigurationList;
			buildConfigurations = (
				B41C4745274AA7850024ECB7 /* Debug */,
				B41C4746274AA7850024ECB7 /* Release */,
			);
			defaultConfigurationIsVisible = 0;
			defaultConfigurationName = Release;
		};
		B41C4747274AA7850024ECB7 /* Build configuration list for PBXNativeTarget "waifuExtension" */ = {
			isa = XCConfigurationList;
			buildConfigurations = (
				B41C4748274AA7850024ECB7 /* Debug */,
				B41C4749274AA7850024ECB7 /* Release */,
			);
			defaultConfigurationIsVisible = 0;
			defaultConfigurationName = Release;
		};
/* End XCConfigurationList section */

/* Begin XCSwiftPackageProductDependency section */
		B464DB2A285A446700127992 /* Support */ = {
			isa = XCSwiftPackageProductDependency;
			productName = Support;
		};
/* End XCSwiftPackageProductDependency section */
	};
	rootObject = B41C4730274AA7850024ECB7 /* Project object */;
}
